// !$*UTF8*$!
{
	archiveVersion = 1;
	classes = {
	};
	objectVersion = 42;
	objects = {

/* Begin PBXBuildFile section */
		8B0EFAF41282BD450095D621 /* basisTransformIndicies.cpp in Sources */ = {isa = PBXBuildFile; fileRef = 8B0EFAE41282BD450095D621 /* basisTransformIndicies.cpp */; };
		8B0EFAF51282BD460095D621 /* FitBase.cpp in Sources */ = {isa = PBXBuildFile; fileRef = 8B0EFAE61282BD450095D621 /* FitBase.cpp */; };
		8B0EFAF61282BD460095D621 /* matrix.cpp in Sources */ = {isa = PBXBuildFile; fileRef = 8B0EFAE81282BD450095D621 /* matrix.cpp */; };
		8B0EFAF71282BD460095D621 /* ofxPolyFit.cpp in Sources */ = {isa = PBXBuildFile; fileRef = 8B0EFAEA1282BD450095D621 /* ofxPolyFit.cpp */; };
		8B0EFAF91282BD460095D621 /* polyNfit.cpp in Sources */ = {isa = PBXBuildFile; fileRef = 8B0EFAEE1282BD450095D621 /* polyNfit.cpp */; };
		8B0EFAFB1282BD460095D621 /* powerBases.cpp in Sources */ = {isa = PBXBuildFile; fileRef = 8B0EFAF21282BD450095D621 /* powerBases.cpp */; };
		8B132C5C13745FAF0011315A /* RANSACFilter.cpp in Sources */ = {isa = PBXBuildFile; fileRef = 8B132C5A13745FAF0011315A /* RANSACFilter.cpp */; };
		8B3042561350B8EC00ED4961 /* CameraBase.cpp in Sources */ = {isa = PBXBuildFile; fileRef = 8B3042521350B8EC00ED4961 /* CameraBase.cpp */; };
		8B3042571350B8EC00ED4961 /* CameraTheosVideoInput.cpp in Sources */ = {isa = PBXBuildFile; fileRef = 8B3042541350B8EC00ED4961 /* CameraTheosVideoInput.cpp */; };
		8B30425A1350C08200ED4961 /* CameraDefault.cpp in Sources */ = {isa = PBXBuildFile; fileRef = 8B3042581350C08200ED4961 /* CameraDefault.cpp */; };
		8B3042621350C40F00ED4961 /* ofxThread.cpp in Sources */ = {isa = PBXBuildFile; fileRef = 8B3042601350C40F00ED4961 /* ofxThread.cpp */; };
		8B39FB7F1376BC30005062D5 /* ScanSet.cpp in Sources */ = {isa = PBXBuildFile; fileRef = 8B39FB7D1376BC30005062D5 /* ScanSet.cpp */; };
		8B39FB821376C1AB005062D5 /* scrScanSet.cpp in Sources */ = {isa = PBXBuildFile; fileRef = 8B39FB801376C1AB005062D5 /* scrScanSet.cpp */; };
		8B39FB871376CFEA005062D5 /* AssembleScans.cpp in Sources */ = {isa = PBXBuildFile; fileRef = 8B39FB851376CFEA005062D5 /* AssembleScans.cpp */; };
		8B39FB8B1379D0BD005062D5 /* LongImage.cpp in Sources */ = {isa = PBXBuildFile; fileRef = 8B39FB891379D0BD005062D5 /* LongImage.cpp */; };
		8B3A2E26127805AC006144DE /* scrGroupBase.cpp in Sources */ = {isa = PBXBuildFile; fileRef = 8B3A2E25127805AC006144DE /* scrGroupBase.cpp */; };
		8B4E4C2E135547B700B521CC /* SubScanBase.cpp in Sources */ = {isa = PBXBuildFile; fileRef = 8B4E4C2C135547B700B521CC /* SubScanBase.cpp */; };
		8B56ED501361B17500E9CDD3 /* SubScanSet.cpp in Sources */ = {isa = PBXBuildFile; fileRef = 8B56ED4E1361B17500E9CDD3 /* SubScanSet.cpp */; };
		8B5C88631271898400AA9B44 /* btnBase.cpp in Sources */ = {isa = PBXBuildFile; fileRef = 8B5C884F1271898400AA9B44 /* btnBase.cpp */; };
		8B5C88641271898400AA9B44 /* ofxKCScreensGUI.cpp in Sources */ = {isa = PBXBuildFile; fileRef = 8B5C88521271898400AA9B44 /* ofxKCScreensGUI.cpp */; };
		8B5C88651271898400AA9B44 /* GUIAssets.cpp in Sources */ = {isa = PBXBuildFile; fileRef = 8B5C88541271898400AA9B44 /* GUIAssets.cpp */; };
		8B5C88661271898400AA9B44 /* GUIGlobal.cpp in Sources */ = {isa = PBXBuildFile; fileRef = 8B5C88571271898400AA9B44 /* GUIGlobal.cpp */; };
		8B5C88671271898400AA9B44 /* Histogram.cpp in Sources */ = {isa = PBXBuildFile; fileRef = 8B5C88591271898400AA9B44 /* Histogram.cpp */; };
		8B5C88681271898400AA9B44 /* scrBase.cpp in Sources */ = {isa = PBXBuildFile; fileRef = 8B5C885B1271898400AA9B44 /* scrBase.cpp */; };
		8B5C88691271898400AA9B44 /* scrBaseMarkers.cpp in Sources */ = {isa = PBXBuildFile; fileRef = 8B5C885D1271898400AA9B44 /* scrBaseMarkers.cpp */; };
		8B5C886A1271898400AA9B44 /* scrHistograms.cpp in Sources */ = {isa = PBXBuildFile; fileRef = 8B5C885F1271898400AA9B44 /* scrHistograms.cpp */; };
		8B5C886B1271898400AA9B44 /* scrTexture.cpp in Sources */ = {isa = PBXBuildFile; fileRef = 8B5C88611271898400AA9B44 /* scrTexture.cpp */; };
		8B620B5712813DFA00DDD683 /* CorrelateMain.cpp in Sources */ = {isa = PBXBuildFile; fileRef = 8B620B5512813DFA00DDD683 /* CorrelateMain.cpp */; };
		8B620B5A12813E0500DDD683 /* PCManager.cpp in Sources */ = {isa = PBXBuildFile; fileRef = 8B620B5812813E0500DDD683 /* PCManager.cpp */; };
		8B620B6012813E2000DDD683 /* PCPixel.cpp in Sources */ = {isa = PBXBuildFile; fileRef = 8B620B5E12813E2000DDD683 /* PCPixel.cpp */; };
		8B620B6B12813E3B00DDD683 /* PCConfig.cpp in Sources */ = {isa = PBXBuildFile; fileRef = 8B620B6112813E3B00DDD683 /* PCConfig.cpp */; };
		8B620B6C12813E3B00DDD683 /* PCDecode.cpp in Sources */ = {isa = PBXBuildFile; fileRef = 8B620B6412813E3B00DDD683 /* PCDecode.cpp */; };
		8B620B6D12813E3B00DDD683 /* PCEncode.cpp in Sources */ = {isa = PBXBuildFile; fileRef = 8B620B6612813E3B00DDD683 /* PCEncode.cpp */; };
		8B620B6E12813E3B00DDD683 /* PCLogger.cpp in Sources */ = {isa = PBXBuildFile; fileRef = 8B620B6912813E3B00DDD683 /* PCLogger.cpp */; };
		8B620B7612813E4400DDD683 /* PayloadBase.cpp in Sources */ = {isa = PBXBuildFile; fileRef = 8B620B7012813E4400DDD683 /* PayloadBase.cpp */; };
		8B620B7712813E4400DDD683 /* PayloadBinary.cpp in Sources */ = {isa = PBXBuildFile; fileRef = 8B620B7212813E4400DDD683 /* PayloadBinary.cpp */; };
		8B620B7812813E4400DDD683 /* PayloadGraycode.cpp in Sources */ = {isa = PBXBuildFile; fileRef = 8B620B7412813E4400DDD683 /* PayloadGraycode.cpp */; };
		8B620B9712813E8800DDD683 /* main.cpp in Sources */ = {isa = PBXBuildFile; fileRef = 8B620B9412813E8800DDD683 /* main.cpp */; };
		8B620B9812813E8800DDD683 /* PCApp.cpp in Sources */ = {isa = PBXBuildFile; fileRef = 8B620B9512813E8800DDD683 /* PCApp.cpp */; };
		8B620BC012813F7900DDD683 /* wdgCounter.cpp in Sources */ = {isa = PBXBuildFile; fileRef = 8B620BBF12813F7900DDD683 /* wdgCounter.cpp */; };
		8B620C711281483E00DDD683 /* wdgButton.cpp in Sources */ = {isa = PBXBuildFile; fileRef = 8B620C701281483E00DDD683 /* wdgButton.cpp */; };
		8B64D48D1281C46200DB4369 /* scrFileSelect.cpp in Sources */ = {isa = PBXBuildFile; fileRef = 8B64D48C1281C46200DB4369 /* scrFileSelect.cpp */; };
		8B64D4951281C4A900DB4369 /* ofxDirList.cpp in Sources */ = {isa = PBXBuildFile; fileRef = 8B64D4931281C4A900DB4369 /* ofxDirList.cpp */; };
		8B64D56B12824CF200DB4369 /* scrPointCloud.cpp in Sources */ = {isa = PBXBuildFile; fileRef = 8B64D56A12824CF200DB4369 /* scrPointCloud.cpp */; };
		8B64D56F128257FA00DB4369 /* ofxFBOTexture.cpp in Sources */ = {isa = PBXBuildFile; fileRef = 8B64D56D128257FA00DB4369 /* ofxFBOTexture.cpp */; };
		8B6B965812717C2F0090C147 /* tinyxml.cpp in Sources */ = {isa = PBXBuildFile; fileRef = 8B6B965112717C2F0090C147 /* tinyxml.cpp */; };
		8B6B965912717C2F0090C147 /* tinyxmlerror.cpp in Sources */ = {isa = PBXBuildFile; fileRef = 8B6B965312717C2F0090C147 /* tinyxmlerror.cpp */; };
		8B6B965A12717C2F0090C147 /* tinyxmlparser.cpp in Sources */ = {isa = PBXBuildFile; fileRef = 8B6B965412717C2F0090C147 /* tinyxmlparser.cpp */; };
		8B6B965B12717C2F0090C147 /* ofxXmlSettings.cpp in Sources */ = {isa = PBXBuildFile; fileRef = 8B6B965612717C2F0090C147 /* ofxXmlSettings.cpp */; };
		8BAFAF2E136425F900BE51E9 /* SubScanBasic.cpp in Sources */ = {isa = PBXBuildFile; fileRef = 8BAFAF2C136425F900BE51E9 /* SubScanBasic.cpp */; };
		8BC0FB2E1280252500FD3F66 /* wdgBase.cpp in Sources */ = {isa = PBXBuildFile; fileRef = 8BC0FB2D1280252500FD3F66 /* wdgBase.cpp */; };
		8BC0FB35128026E600FD3F66 /* scrWidgets.cpp in Sources */ = {isa = PBXBuildFile; fileRef = 8BC0FB34128026E600FD3F66 /* scrWidgets.cpp */; };
		8BC0FC341280327300FD3F66 /* wdgSlider.cpp in Sources */ = {isa = PBXBuildFile; fileRef = 8BC0FC331280327300FD3F66 /* wdgSlider.cpp */; };
		8BC380801351A86900B050A1 /* ofxShader.cpp in Sources */ = {isa = PBXBuildFile; fileRef = 8BC3807E1351A86900B050A1 /* ofxShader.cpp */; };
		8BC380831351A88900B050A1 /* scrSelectBounds.cpp in Sources */ = {isa = PBXBuildFile; fileRef = 8BC380811351A88900B050A1 /* scrSelectBounds.cpp */; };
		8BC88879136E997B00D8ED2B /* SubScanInterleave.cpp in Sources */ = {isa = PBXBuildFile; fileRef = 8BC88877136E997B00D8ED2B /* SubScanInterleave.cpp */; };
		8BC888CF13736FAA00D8ED2B /* wdgXYZ.cpp in Sources */ = {isa = PBXBuildFile; fileRef = 8BC888CD13736FA300D8ED2B /* wdgXYZ.cpp */; };
		8BE1355C127B0543008C822D /* scrGroupGrid.cpp in Sources */ = {isa = PBXBuildFile; fileRef = 8BE1355B127B0543008C822D /* scrGroupGrid.cpp */; };
		8BE136F7127D4464008C822D /* scrGroupTabbed.cpp in Sources */ = {isa = PBXBuildFile; fileRef = 8BE136F6127D4464008C822D /* scrGroupTabbed.cpp */; };
		E45BE0AA0E8CC67C009D7055 /* GLee.a in Frameworks */ = {isa = PBXBuildFile; fileRef = E45BE0A90E8CC67C009D7055 /* GLee.a */; };
		E45BE2E40E8CC69C009D7055 /* rtAudio.a in Frameworks */ = {isa = PBXBuildFile; fileRef = E45BE2E30E8CC69C009D7055 /* rtAudio.a */; };
		E45BE97B0E8CC7DD009D7055 /* AGL.framework in Frameworks */ = {isa = PBXBuildFile; fileRef = E45BE9710E8CC7DD009D7055 /* AGL.framework */; };
		E45BE97C0E8CC7DD009D7055 /* ApplicationServices.framework in Frameworks */ = {isa = PBXBuildFile; fileRef = E45BE9720E8CC7DD009D7055 /* ApplicationServices.framework */; };
		E45BE97D0E8CC7DD009D7055 /* AudioToolbox.framework in Frameworks */ = {isa = PBXBuildFile; fileRef = E45BE9730E8CC7DD009D7055 /* AudioToolbox.framework */; };
		E45BE97E0E8CC7DD009D7055 /* Carbon.framework in Frameworks */ = {isa = PBXBuildFile; fileRef = E45BE9740E8CC7DD009D7055 /* Carbon.framework */; };
		E45BE97F0E8CC7DD009D7055 /* CoreAudio.framework in Frameworks */ = {isa = PBXBuildFile; fileRef = E45BE9750E8CC7DD009D7055 /* CoreAudio.framework */; };
		E45BE9800E8CC7DD009D7055 /* CoreFoundation.framework in Frameworks */ = {isa = PBXBuildFile; fileRef = E45BE9760E8CC7DD009D7055 /* CoreFoundation.framework */; };
		E45BE9810E8CC7DD009D7055 /* CoreServices.framework in Frameworks */ = {isa = PBXBuildFile; fileRef = E45BE9770E8CC7DD009D7055 /* CoreServices.framework */; };
		E45BE9830E8CC7DD009D7055 /* OpenGL.framework in Frameworks */ = {isa = PBXBuildFile; fileRef = E45BE9790E8CC7DD009D7055 /* OpenGL.framework */; };
		E45BE9840E8CC7DD009D7055 /* QuickTime.framework in Frameworks */ = {isa = PBXBuildFile; fileRef = E45BE97A0E8CC7DD009D7055 /* QuickTime.framework */; };
		E4C2422B10CC554B004149E2 /* openFrameworksDebug.a in Frameworks */ = {isa = PBXBuildFile; fileRef = E4C2421E10CC549C004149E2 /* openFrameworksDebug.a */; };
		E4C2424710CC5A17004149E2 /* AppKit.framework in Frameworks */ = {isa = PBXBuildFile; fileRef = E4C2424410CC5A17004149E2 /* AppKit.framework */; };
		E4C2424810CC5A17004149E2 /* Cocoa.framework in Frameworks */ = {isa = PBXBuildFile; fileRef = E4C2424510CC5A17004149E2 /* Cocoa.framework */; };
		E4C2424910CC5A17004149E2 /* IOKit.framework in Frameworks */ = {isa = PBXBuildFile; fileRef = E4C2424610CC5A17004149E2 /* IOKit.framework */; };
		E4C2426610CC5A78004149E2 /* GLUT.framework in Frameworks */ = {isa = PBXBuildFile; fileRef = E4C2425F10CC5A78004149E2 /* GLUT.framework */; };
		E4C2426B10CC5AA6004149E2 /* GLUT.framework in CopyFiles */ = {isa = PBXBuildFile; fileRef = E4C2425F10CC5A78004149E2 /* GLUT.framework */; };
		E4C2427F10CC5B66004149E2 /* CppUnit.a in Frameworks */ = {isa = PBXBuildFile; fileRef = E4C2427A10CC5B66004149E2 /* CppUnit.a */; };
		E4C2428010CC5B66004149E2 /* PocoFoundation.a in Frameworks */ = {isa = PBXBuildFile; fileRef = E4C2427B10CC5B66004149E2 /* PocoFoundation.a */; };
		E4C2428110CC5B66004149E2 /* PocoNet.a in Frameworks */ = {isa = PBXBuildFile; fileRef = E4C2427C10CC5B66004149E2 /* PocoNet.a */; };
		E4C2428210CC5B66004149E2 /* PocoUtil.a in Frameworks */ = {isa = PBXBuildFile; fileRef = E4C2427D10CC5B66004149E2 /* PocoUtil.a */; };
		E4C2428310CC5B66004149E2 /* PocoXML.a in Frameworks */ = {isa = PBXBuildFile; fileRef = E4C2427E10CC5B66004149E2 /* PocoXML.a */; };
		E4C2429410CC5C38004149E2 /* freetype.a in Frameworks */ = {isa = PBXBuildFile; fileRef = E4C2429310CC5C38004149E2 /* freetype.a */; };
		E4C242CD10CC650E004149E2 /* libfmodex.dylib in Frameworks */ = {isa = PBXBuildFile; fileRef = E4C242CC10CC650E004149E2 /* libfmodex.dylib */; };
		E4C2443910CC7693004149E2 /* openFrameworks-Info.plist in CopyFiles */ = {isa = PBXBuildFile; fileRef = E4B6FCAD0C3E899E008CF71C /* openFrameworks-Info.plist */; };
		E4C246DA10CCAE22004149E2 /* freeimage.a in Frameworks */ = {isa = PBXBuildFile; fileRef = E4C246D910CCAE22004149E2 /* freeimage.a */; };
/* End PBXBuildFile section */

/* Begin PBXContainerItemProxy section */
		E4C2421D10CC549C004149E2 /* PBXContainerItemProxy */ = {
			isa = PBXContainerItemProxy;
			containerPortal = E4C2421610CC549C004149E2 /* openFrameworksLib.xcodeproj */;
			proxyType = 2;
			remoteGlobalIDString = E4B27C1510CBEB8E00536013;
			remoteInfo = openFrameworks;
		};
		E4C2422710CC54DA004149E2 /* PBXContainerItemProxy */ = {
			isa = PBXContainerItemProxy;
			containerPortal = E4C2421610CC549C004149E2 /* openFrameworksLib.xcodeproj */;
			proxyType = 1;
			remoteGlobalIDString = E4B27C1410CBEB8E00536013;
			remoteInfo = openFrameworks;
		};
/* End PBXContainerItemProxy section */

/* Begin PBXCopyFilesBuildPhase section */
		E4C2427710CC5ABF004149E2 /* CopyFiles */ = {
			isa = PBXCopyFilesBuildPhase;
			buildActionMask = 2147483647;
			dstPath = "";
			dstSubfolderSpec = 10;
			files = (
				E4C2426B10CC5AA6004149E2 /* GLUT.framework in CopyFiles */,
			);
			runOnlyForDeploymentPostprocessing = 0;
		};
		E4C2444710CC769B004149E2 /* CopyFiles */ = {
			isa = PBXCopyFilesBuildPhase;
			buildActionMask = 2147483647;
			dstPath = "";
			dstSubfolderSpec = 7;
			files = (
				E4C2443910CC7693004149E2 /* openFrameworks-Info.plist in CopyFiles */,
			);
			runOnlyForDeploymentPostprocessing = 0;
		};
/* End PBXCopyFilesBuildPhase section */

/* Begin PBXFileReference section */
		8B0EFAE41282BD450095D621 /* basisTransformIndicies.cpp */ = {isa = PBXFileReference; fileEncoding = 4; lastKnownFileType = sourcecode.cpp.cpp; path = basisTransformIndicies.cpp; sourceTree = "<group>"; };
		8B0EFAE51282BD450095D621 /* basisTransformIndicies.h */ = {isa = PBXFileReference; fileEncoding = 4; lastKnownFileType = sourcecode.c.h; path = basisTransformIndicies.h; sourceTree = "<group>"; };
		8B0EFAE61282BD450095D621 /* FitBase.cpp */ = {isa = PBXFileReference; fileEncoding = 4; lastKnownFileType = sourcecode.cpp.cpp; path = FitBase.cpp; sourceTree = "<group>"; };
		8B0EFAE71282BD450095D621 /* FitBase.h */ = {isa = PBXFileReference; fileEncoding = 4; lastKnownFileType = sourcecode.c.h; path = FitBase.h; sourceTree = "<group>"; };
		8B0EFAE81282BD450095D621 /* matrix.cpp */ = {isa = PBXFileReference; fileEncoding = 4; lastKnownFileType = sourcecode.cpp.cpp; path = matrix.cpp; sourceTree = "<group>"; };
		8B0EFAE91282BD450095D621 /* matrix.h */ = {isa = PBXFileReference; fileEncoding = 4; lastKnownFileType = sourcecode.c.h; path = matrix.h; sourceTree = "<group>"; };
		8B0EFAEA1282BD450095D621 /* ofxPolyFit.cpp */ = {isa = PBXFileReference; fileEncoding = 4; lastKnownFileType = sourcecode.cpp.cpp; path = ofxPolyFit.cpp; sourceTree = "<group>"; };
		8B0EFAEB1282BD450095D621 /* ofxPolyFit.h */ = {isa = PBXFileReference; fileEncoding = 4; lastKnownFileType = sourcecode.c.h; path = ofxPolyFit.h; sourceTree = "<group>"; };
		8B0EFAEE1282BD450095D621 /* polyNfit.cpp */ = {isa = PBXFileReference; fileEncoding = 4; lastKnownFileType = sourcecode.cpp.cpp; path = polyNfit.cpp; sourceTree = "<group>"; };
		8B0EFAEF1282BD450095D621 /* polyNfit.h */ = {isa = PBXFileReference; fileEncoding = 4; lastKnownFileType = sourcecode.c.h; path = polyNfit.h; sourceTree = "<group>"; };
		8B0EFAF21282BD450095D621 /* powerBases.cpp */ = {isa = PBXFileReference; fileEncoding = 4; lastKnownFileType = sourcecode.cpp.cpp; path = powerBases.cpp; sourceTree = "<group>"; };
		8B0EFAF31282BD450095D621 /* powerBases.h */ = {isa = PBXFileReference; fileEncoding = 4; lastKnownFileType = sourcecode.c.h; path = powerBases.h; sourceTree = "<group>"; };
		8B132C5A13745FAF0011315A /* RANSACFilter.cpp */ = {isa = PBXFileReference; fileEncoding = 4; lastKnownFileType = sourcecode.cpp.cpp; name = RANSACFilter.cpp; path = src/RANSACFilter.cpp; sourceTree = "<group>"; };
		8B132C5B13745FAF0011315A /* RANSACFilter.h */ = {isa = PBXFileReference; fileEncoding = 4; lastKnownFileType = sourcecode.c.h; name = RANSACFilter.h; path = src/RANSACFilter.h; sourceTree = "<group>"; };
		8B3042521350B8EC00ED4961 /* CameraBase.cpp */ = {isa = PBXFileReference; fileEncoding = 4; lastKnownFileType = sourcecode.cpp.cpp; name = CameraBase.cpp; path = Scanner/Camera/CameraBase.cpp; sourceTree = "<group>"; };
		8B3042531350B8EC00ED4961 /* CameraBase.h */ = {isa = PBXFileReference; fileEncoding = 4; lastKnownFileType = sourcecode.c.h; name = CameraBase.h; path = Scanner/Camera/CameraBase.h; sourceTree = "<group>"; };
		8B3042541350B8EC00ED4961 /* CameraTheosVideoInput.cpp */ = {isa = PBXFileReference; fileEncoding = 4; lastKnownFileType = sourcecode.cpp.cpp; name = CameraTheosVideoInput.cpp; path = Scanner/Camera/CameraTheosVideoInput.cpp; sourceTree = "<group>"; };
		8B3042551350B8EC00ED4961 /* CameraTheosVideoInput.h */ = {isa = PBXFileReference; fileEncoding = 4; lastKnownFileType = sourcecode.c.h; name = CameraTheosVideoInput.h; path = Scanner/Camera/CameraTheosVideoInput.h; sourceTree = "<group>"; };
		8B3042581350C08200ED4961 /* CameraDefault.cpp */ = {isa = PBXFileReference; fileEncoding = 4; lastKnownFileType = sourcecode.cpp.cpp; path = CameraDefault.cpp; sourceTree = "<group>"; };
		8B3042591350C08200ED4961 /* CameraDefault.h */ = {isa = PBXFileReference; fileEncoding = 4; lastKnownFileType = sourcecode.c.h; path = CameraDefault.h; sourceTree = "<group>"; };
		8B30425D1350C40F00ED4961 /* Instructions.txt */ = {isa = PBXFileReference; fileEncoding = 4; lastKnownFileType = text; path = Instructions.txt; sourceTree = "<group>"; };
		8B30425E1350C40F00ED4961 /* install.xml */ = {isa = PBXFileReference; fileEncoding = 4; lastKnownFileType = text.xml; path = install.xml; sourceTree = "<group>"; };
		8B3042601350C40F00ED4961 /* ofxThread.cpp */ = {isa = PBXFileReference; fileEncoding = 4; lastKnownFileType = sourcecode.cpp.cpp; path = ofxThread.cpp; sourceTree = "<group>"; };
		8B3042611350C40F00ED4961 /* ofxThread.h */ = {isa = PBXFileReference; fileEncoding = 4; lastKnownFileType = sourcecode.c.h; path = ofxThread.h; sourceTree = "<group>"; };
		8B39FB7D1376BC30005062D5 /* ScanSet.cpp */ = {isa = PBXFileReference; fileEncoding = 4; lastKnownFileType = sourcecode.cpp.cpp; path = ScanSet.cpp; sourceTree = "<group>"; };
		8B39FB7E1376BC30005062D5 /* ScanSet.h */ = {isa = PBXFileReference; fileEncoding = 4; lastKnownFileType = sourcecode.c.h; path = ScanSet.h; sourceTree = "<group>"; };
		8B39FB801376C1AB005062D5 /* scrScanSet.cpp */ = {isa = PBXFileReference; fileEncoding = 4; lastKnownFileType = sourcecode.cpp.cpp; path = scrScanSet.cpp; sourceTree = "<group>"; };
		8B39FB811376C1AB005062D5 /* scrScanSet.h */ = {isa = PBXFileReference; fileEncoding = 4; lastKnownFileType = sourcecode.c.h; path = scrScanSet.h; sourceTree = "<group>"; };
		8B39FB851376CFEA005062D5 /* AssembleScans.cpp */ = {isa = PBXFileReference; fileEncoding = 4; lastKnownFileType = sourcecode.cpp.cpp; path = AssembleScans.cpp; sourceTree = "<group>"; };
		8B39FB861376CFEA005062D5 /* AssembleScans.h */ = {isa = PBXFileReference; fileEncoding = 4; lastKnownFileType = sourcecode.c.h; path = AssembleScans.h; sourceTree = "<group>"; };
		8B39FB891379D0BD005062D5 /* LongImage.cpp */ = {isa = PBXFileReference; fileEncoding = 4; lastKnownFileType = sourcecode.cpp.cpp; name = LongImage.cpp; path = src/LongImage.cpp; sourceTree = "<group>"; };
		8B39FB8A1379D0BD005062D5 /* LongImage.h */ = {isa = PBXFileReference; fileEncoding = 4; lastKnownFileType = sourcecode.c.h; name = LongImage.h; path = src/LongImage.h; sourceTree = "<group>"; };
		8B3A2E24127805AC006144DE /* scrGroupBase.h */ = {isa = PBXFileReference; fileEncoding = 4; lastKnownFileType = sourcecode.c.h; path = scrGroupBase.h; sourceTree = "<group>"; };
		8B3A2E25127805AC006144DE /* scrGroupBase.cpp */ = {isa = PBXFileReference; fileEncoding = 4; lastKnownFileType = sourcecode.cpp.cpp; path = scrGroupBase.cpp; sourceTree = "<group>"; };
		8B4E4C2C135547B700B521CC /* SubScanBase.cpp */ = {isa = PBXFileReference; fileEncoding = 4; lastKnownFileType = sourcecode.cpp.cpp; path = SubScanBase.cpp; sourceTree = "<group>"; };
		8B4E4C2D135547B700B521CC /* SubScanBase.h */ = {isa = PBXFileReference; fileEncoding = 4; lastKnownFileType = sourcecode.c.h; path = SubScanBase.h; sourceTree = "<group>"; };
		8B56ED4E1361B17500E9CDD3 /* SubScanSet.cpp */ = {isa = PBXFileReference; fileEncoding = 4; lastKnownFileType = sourcecode.cpp.cpp; path = SubScanSet.cpp; sourceTree = "<group>"; };
		8B56ED4F1361B17500E9CDD3 /* SubScanSet.h */ = {isa = PBXFileReference; fileEncoding = 4; lastKnownFileType = sourcecode.c.h; path = SubScanSet.h; sourceTree = "<group>"; };
		8B5C88491271898400AA9B44 /* button-plus.png */ = {isa = PBXFileReference; lastKnownFileType = image.png; path = "button-plus.png"; sourceTree = "<group>"; };
		8B5C884A1271898400AA9B44 /* button-plus_over.png */ = {isa = PBXFileReference; lastKnownFileType = image.png; path = "button-plus_over.png"; sourceTree = "<group>"; };
		8B5C884B1271898400AA9B44 /* button-switch.png */ = {isa = PBXFileReference; lastKnownFileType = image.png; path = "button-switch.png"; sourceTree = "<group>"; };
		8B5C884C1271898400AA9B44 /* button-switch_over.png */ = {isa = PBXFileReference; lastKnownFileType = image.png; path = "button-switch_over.png"; sourceTree = "<group>"; };
		8B5C884D1271898400AA9B44 /* Lucida Console.ttf */ = {isa = PBXFileReference; lastKnownFileType = file; path = "Lucida Console.ttf"; sourceTree = "<group>"; };
		8B5C884F1271898400AA9B44 /* btnBase.cpp */ = {isa = PBXFileReference; fileEncoding = 4; lastKnownFileType = sourcecode.cpp.cpp; path = btnBase.cpp; sourceTree = "<group>"; };
		8B5C88501271898400AA9B44 /* btnBase.h */ = {isa = PBXFileReference; fileEncoding = 4; lastKnownFileType = sourcecode.c.h; path = btnBase.h; sourceTree = "<group>"; };
		8B5C88521271898400AA9B44 /* ofxKCScreensGUI.cpp */ = {isa = PBXFileReference; fileEncoding = 4; lastKnownFileType = sourcecode.cpp.cpp; path = ofxKCScreensGUI.cpp; sourceTree = "<group>"; };
		8B5C88531271898400AA9B44 /* ofxKCScreensGUI.h */ = {isa = PBXFileReference; fileEncoding = 4; lastKnownFileType = sourcecode.c.h; path = ofxKCScreensGUI.h; sourceTree = "<group>"; wrapsLines = 1; };
		8B5C88541271898400AA9B44 /* GUIAssets.cpp */ = {isa = PBXFileReference; fileEncoding = 4; lastKnownFileType = sourcecode.cpp.cpp; path = GUIAssets.cpp; sourceTree = "<group>"; };
		8B5C88551271898400AA9B44 /* GUIAssets.h */ = {isa = PBXFileReference; fileEncoding = 4; lastKnownFileType = sourcecode.c.h; path = GUIAssets.h; sourceTree = "<group>"; };
		8B5C88561271898400AA9B44 /* GUIConstants.h */ = {isa = PBXFileReference; fileEncoding = 4; lastKnownFileType = sourcecode.c.h; path = GUIConstants.h; sourceTree = "<group>"; };
		8B5C88571271898400AA9B44 /* GUIGlobal.cpp */ = {isa = PBXFileReference; fileEncoding = 4; lastKnownFileType = sourcecode.cpp.cpp; path = GUIGlobal.cpp; sourceTree = "<group>"; };
		8B5C88581271898400AA9B44 /* GUIGlobal.h */ = {isa = PBXFileReference; fileEncoding = 4; lastKnownFileType = sourcecode.c.h; path = GUIGlobal.h; sourceTree = "<group>"; };
		8B5C88591271898400AA9B44 /* Histogram.cpp */ = {isa = PBXFileReference; fileEncoding = 4; lastKnownFileType = sourcecode.cpp.cpp; path = Histogram.cpp; sourceTree = "<group>"; };
		8B5C885A1271898400AA9B44 /* Histogram.h */ = {isa = PBXFileReference; fileEncoding = 4; lastKnownFileType = sourcecode.c.h; path = Histogram.h; sourceTree = "<group>"; };
		8B5C885B1271898400AA9B44 /* scrBase.cpp */ = {isa = PBXFileReference; fileEncoding = 4; lastKnownFileType = sourcecode.cpp.cpp; path = scrBase.cpp; sourceTree = "<group>"; };
		8B5C885C1271898400AA9B44 /* scrBase.h */ = {isa = PBXFileReference; fileEncoding = 4; lastKnownFileType = sourcecode.c.h; path = scrBase.h; sourceTree = "<group>"; };
		8B5C885D1271898400AA9B44 /* scrBaseMarkers.cpp */ = {isa = PBXFileReference; fileEncoding = 4; lastKnownFileType = sourcecode.cpp.cpp; path = scrBaseMarkers.cpp; sourceTree = "<group>"; };
		8B5C885E1271898400AA9B44 /* scrBaseMarkers.h */ = {isa = PBXFileReference; fileEncoding = 4; lastKnownFileType = sourcecode.c.h; path = scrBaseMarkers.h; sourceTree = "<group>"; };
		8B5C885F1271898400AA9B44 /* scrHistograms.cpp */ = {isa = PBXFileReference; fileEncoding = 4; lastKnownFileType = sourcecode.cpp.cpp; path = scrHistograms.cpp; sourceTree = "<group>"; };
		8B5C88601271898400AA9B44 /* scrHistograms.h */ = {isa = PBXFileReference; fileEncoding = 4; lastKnownFileType = sourcecode.c.h; path = scrHistograms.h; sourceTree = "<group>"; };
		8B5C88611271898400AA9B44 /* scrTexture.cpp */ = {isa = PBXFileReference; fileEncoding = 4; lastKnownFileType = sourcecode.cpp.cpp; path = scrTexture.cpp; sourceTree = "<group>"; };
		8B5C88621271898400AA9B44 /* scrTexture.h */ = {isa = PBXFileReference; fileEncoding = 4; lastKnownFileType = sourcecode.c.h; path = scrTexture.h; sourceTree = "<group>"; };
		8B620B5512813DFA00DDD683 /* CorrelateMain.cpp */ = {isa = PBXFileReference; fileEncoding = 4; lastKnownFileType = sourcecode.cpp.cpp; name = CorrelateMain.cpp; path = src/Correlate/CorrelateMain.cpp; sourceTree = "<group>"; };
		8B620B5612813DFA00DDD683 /* CorrelateMain.h */ = {isa = PBXFileReference; fileEncoding = 4; lastKnownFileType = sourcecode.c.h; name = CorrelateMain.h; path = src/Correlate/CorrelateMain.h; sourceTree = "<group>"; };
		8B620B5812813E0500DDD683 /* PCManager.cpp */ = {isa = PBXFileReference; fileEncoding = 4; lastKnownFileType = sourcecode.cpp.cpp; name = PCManager.cpp; path = Scanner/PCManager.cpp; sourceTree = "<group>"; };
		8B620B5912813E0500DDD683 /* PCManager.h */ = {isa = PBXFileReference; fileEncoding = 4; lastKnownFileType = sourcecode.c.h; name = PCManager.h; path = Scanner/PCManager.h; sourceTree = "<group>"; };
		8B620B5E12813E2000DDD683 /* PCPixel.cpp */ = {isa = PBXFileReference; fileEncoding = 4; lastKnownFileType = sourcecode.cpp.cpp; name = PCPixel.cpp; path = Scanner/PCPixel.cpp; sourceTree = "<group>"; };
		8B620B5F12813E2000DDD683 /* PCPixel.h */ = {isa = PBXFileReference; fileEncoding = 4; lastKnownFileType = sourcecode.c.h; name = PCPixel.h; path = Scanner/PCPixel.h; sourceTree = "<group>"; };
		8B620B6112813E3B00DDD683 /* PCConfig.cpp */ = {isa = PBXFileReference; fileEncoding = 4; lastKnownFileType = sourcecode.cpp.cpp; name = PCConfig.cpp; path = Scanner/PCConfig.cpp; sourceTree = "<group>"; };
		8B620B6212813E3B00DDD683 /* PCConfig.h */ = {isa = PBXFileReference; fileEncoding = 4; lastKnownFileType = sourcecode.c.h; name = PCConfig.h; path = Scanner/PCConfig.h; sourceTree = "<group>"; };
		8B620B6312813E3B00DDD683 /* PCconstants.h */ = {isa = PBXFileReference; fileEncoding = 4; lastKnownFileType = sourcecode.c.h; name = PCconstants.h; path = Scanner/PCconstants.h; sourceTree = "<group>"; };
		8B620B6412813E3B00DDD683 /* PCDecode.cpp */ = {isa = PBXFileReference; fileEncoding = 4; lastKnownFileType = sourcecode.cpp.cpp; name = PCDecode.cpp; path = Scanner/PCDecode.cpp; sourceTree = "<group>"; };
		8B620B6512813E3B00DDD683 /* PCDecode.h */ = {isa = PBXFileReference; fileEncoding = 4; lastKnownFileType = sourcecode.c.h; name = PCDecode.h; path = Scanner/PCDecode.h; sourceTree = "<group>"; };
		8B620B6612813E3B00DDD683 /* PCEncode.cpp */ = {isa = PBXFileReference; fileEncoding = 4; lastKnownFileType = sourcecode.cpp.cpp; name = PCEncode.cpp; path = Scanner/PCEncode.cpp; sourceTree = "<group>"; };
		8B620B6712813E3B00DDD683 /* PCEncode.h */ = {isa = PBXFileReference; fileEncoding = 4; lastKnownFileType = sourcecode.c.h; name = PCEncode.h; path = Scanner/PCEncode.h; sourceTree = "<group>"; };
		8B620B6912813E3B00DDD683 /* PCLogger.cpp */ = {isa = PBXFileReference; fileEncoding = 4; lastKnownFileType = sourcecode.cpp.cpp; name = PCLogger.cpp; path = Scanner/PCLogger.cpp; sourceTree = "<group>"; };
		8B620B6A12813E3B00DDD683 /* PCLogger.h */ = {isa = PBXFileReference; fileEncoding = 4; lastKnownFileType = sourcecode.c.h; name = PCLogger.h; path = Scanner/PCLogger.h; sourceTree = "<group>"; };
		8B620B7012813E4400DDD683 /* PayloadBase.cpp */ = {isa = PBXFileReference; fileEncoding = 4; lastKnownFileType = sourcecode.cpp.cpp; path = PayloadBase.cpp; sourceTree = "<group>"; };
		8B620B7112813E4400DDD683 /* PayloadBase.h */ = {isa = PBXFileReference; fileEncoding = 4; lastKnownFileType = sourcecode.c.h; path = PayloadBase.h; sourceTree = "<group>"; };
		8B620B7212813E4400DDD683 /* PayloadBinary.cpp */ = {isa = PBXFileReference; fileEncoding = 4; lastKnownFileType = sourcecode.cpp.cpp; path = PayloadBinary.cpp; sourceTree = "<group>"; };
		8B620B7312813E4400DDD683 /* PayloadBinary.h */ = {isa = PBXFileReference; fileEncoding = 4; lastKnownFileType = sourcecode.c.h; path = PayloadBinary.h; sourceTree = "<group>"; };
		8B620B7412813E4400DDD683 /* PayloadGraycode.cpp */ = {isa = PBXFileReference; fileEncoding = 4; lastKnownFileType = sourcecode.cpp.cpp; path = PayloadGraycode.cpp; sourceTree = "<group>"; };
		8B620B7512813E4400DDD683 /* PayloadGraycode.h */ = {isa = PBXFileReference; fileEncoding = 4; lastKnownFileType = sourcecode.c.h; path = PayloadGraycode.h; sourceTree = "<group>"; };
		8B620B9412813E8800DDD683 /* main.cpp */ = {isa = PBXFileReference; fileEncoding = 4; lastKnownFileType = sourcecode.cpp.cpp; name = main.cpp; path = src/main.cpp; sourceTree = "<group>"; };
		8B620B9512813E8800DDD683 /* PCApp.cpp */ = {isa = PBXFileReference; fileEncoding = 4; lastKnownFileType = sourcecode.cpp.cpp; name = PCApp.cpp; path = src/PCApp.cpp; sourceTree = "<group>"; };
		8B620B9612813E8800DDD683 /* PCApp.h */ = {isa = PBXFileReference; fileEncoding = 4; lastKnownFileType = sourcecode.c.h; name = PCApp.h; path = src/PCApp.h; sourceTree = "<group>"; };
		8B620BBE12813F7900DDD683 /* wdgCounter.h */ = {isa = PBXFileReference; fileEncoding = 4; lastKnownFileType = sourcecode.c.h; path = wdgCounter.h; sourceTree = "<group>"; };
		8B620BBF12813F7900DDD683 /* wdgCounter.cpp */ = {isa = PBXFileReference; fileEncoding = 4; lastKnownFileType = sourcecode.cpp.cpp; path = wdgCounter.cpp; sourceTree = "<group>"; };
		8B620C6F1281483E00DDD683 /* wdgButton.h */ = {isa = PBXFileReference; fileEncoding = 4; lastKnownFileType = sourcecode.c.h; path = wdgButton.h; sourceTree = "<group>"; };
		8B620C701281483E00DDD683 /* wdgButton.cpp */ = {isa = PBXFileReference; fileEncoding = 4; lastKnownFileType = sourcecode.cpp.cpp; path = wdgButton.cpp; sourceTree = "<group>"; };
		8B64D48B1281C46200DB4369 /* scrFileSelect.h */ = {isa = PBXFileReference; fileEncoding = 4; lastKnownFileType = sourcecode.c.h; path = scrFileSelect.h; sourceTree = "<group>"; };
		8B64D48C1281C46200DB4369 /* scrFileSelect.cpp */ = {isa = PBXFileReference; fileEncoding = 4; lastKnownFileType = sourcecode.cpp.cpp; path = scrFileSelect.cpp; sourceTree = "<group>"; };
		8B64D4901281C4A900DB4369 /* Instructions.txt */ = {isa = PBXFileReference; fileEncoding = 4; lastKnownFileType = text; path = Instructions.txt; sourceTree = "<group>"; };
		8B64D4911281C4A900DB4369 /* install.xml */ = {isa = PBXFileReference; fileEncoding = 4; lastKnownFileType = text.xml; path = install.xml; sourceTree = "<group>"; };
		8B64D4931281C4A900DB4369 /* ofxDirList.cpp */ = {isa = PBXFileReference; fileEncoding = 4; lastKnownFileType = sourcecode.cpp.cpp; path = ofxDirList.cpp; sourceTree = "<group>"; };
		8B64D4941281C4A900DB4369 /* ofxDirList.h */ = {isa = PBXFileReference; fileEncoding = 4; lastKnownFileType = sourcecode.c.h; path = ofxDirList.h; sourceTree = "<group>"; };
		8B64D56912824CF200DB4369 /* scrPointCloud.h */ = {isa = PBXFileReference; fileEncoding = 4; lastKnownFileType = sourcecode.c.h; path = scrPointCloud.h; sourceTree = "<group>"; };
		8B64D56A12824CF200DB4369 /* scrPointCloud.cpp */ = {isa = PBXFileReference; fileEncoding = 4; lastKnownFileType = sourcecode.cpp.cpp; path = scrPointCloud.cpp; sourceTree = "<group>"; };
		8B64D56D128257FA00DB4369 /* ofxFBOTexture.cpp */ = {isa = PBXFileReference; fileEncoding = 4; lastKnownFileType = sourcecode.cpp.cpp; path = ofxFBOTexture.cpp; sourceTree = "<group>"; };
		8B64D56E128257FA00DB4369 /* ofxFBOTexture.h */ = {isa = PBXFileReference; fileEncoding = 4; lastKnownFileType = sourcecode.c.h; path = ofxFBOTexture.h; sourceTree = "<group>"; };
		8B6B964F12717C2F0090C147 /* install.xml */ = {isa = PBXFileReference; fileEncoding = 4; lastKnownFileType = text.xml; path = install.xml; sourceTree = "<group>"; };
		8B6B965112717C2F0090C147 /* tinyxml.cpp */ = {isa = PBXFileReference; fileEncoding = 4; lastKnownFileType = sourcecode.cpp.cpp; path = tinyxml.cpp; sourceTree = "<group>"; };
		8B6B965212717C2F0090C147 /* tinyxml.h */ = {isa = PBXFileReference; fileEncoding = 4; lastKnownFileType = sourcecode.c.h; path = tinyxml.h; sourceTree = "<group>"; };
		8B6B965312717C2F0090C147 /* tinyxmlerror.cpp */ = {isa = PBXFileReference; fileEncoding = 4; lastKnownFileType = sourcecode.cpp.cpp; path = tinyxmlerror.cpp; sourceTree = "<group>"; };
		8B6B965412717C2F0090C147 /* tinyxmlparser.cpp */ = {isa = PBXFileReference; fileEncoding = 4; lastKnownFileType = sourcecode.cpp.cpp; path = tinyxmlparser.cpp; sourceTree = "<group>"; };
		8B6B965612717C2F0090C147 /* ofxXmlSettings.cpp */ = {isa = PBXFileReference; fileEncoding = 4; lastKnownFileType = sourcecode.cpp.cpp; path = ofxXmlSettings.cpp; sourceTree = "<group>"; };
		8B6B965712717C2F0090C147 /* ofxXmlSettings.h */ = {isa = PBXFileReference; fileEncoding = 4; lastKnownFileType = sourcecode.c.h; path = ofxXmlSettings.h; sourceTree = "<group>"; };
		8BAFAF2C136425F900BE51E9 /* SubScanBasic.cpp */ = {isa = PBXFileReference; fileEncoding = 4; lastKnownFileType = sourcecode.cpp.cpp; path = SubScanBasic.cpp; sourceTree = "<group>"; };
		8BAFAF2D136425F900BE51E9 /* SubScanBasic.h */ = {isa = PBXFileReference; fileEncoding = 4; lastKnownFileType = sourcecode.c.h; path = SubScanBasic.h; sourceTree = "<group>"; };
		8BC0FB2C1280252500FD3F66 /* wdgBase.h */ = {isa = PBXFileReference; fileEncoding = 4; lastKnownFileType = sourcecode.c.h; path = wdgBase.h; sourceTree = "<group>"; };
		8BC0FB2D1280252500FD3F66 /* wdgBase.cpp */ = {isa = PBXFileReference; fileEncoding = 4; lastKnownFileType = sourcecode.cpp.cpp; path = wdgBase.cpp; sourceTree = "<group>"; };
		8BC0FB301280265700FD3F66 /* wdgSlider.h */ = {isa = PBXFileReference; fileEncoding = 4; lastKnownFileType = sourcecode.c.h; path = wdgSlider.h; sourceTree = "<group>"; };
		8BC0FB33128026E600FD3F66 /* scrWidgets.h */ = {isa = PBXFileReference; fileEncoding = 4; lastKnownFileType = sourcecode.c.h; path = scrWidgets.h; sourceTree = "<group>"; };
		8BC0FB34128026E600FD3F66 /* scrWidgets.cpp */ = {isa = PBXFileReference; fileEncoding = 4; lastKnownFileType = sourcecode.cpp.cpp; path = scrWidgets.cpp; sourceTree = "<group>"; };
		8BC0FC331280327300FD3F66 /* wdgSlider.cpp */ = {isa = PBXFileReference; fileEncoding = 4; lastKnownFileType = sourcecode.cpp.cpp; path = wdgSlider.cpp; sourceTree = "<group>"; };
		8BC3807C1351A86900B050A1 /* README.md */ = {isa = PBXFileReference; fileEncoding = 4; lastKnownFileType = text; path = README.md; sourceTree = "<group>"; };
		8BC3807E1351A86900B050A1 /* ofxShader.cpp */ = {isa = PBXFileReference; fileEncoding = 4; lastKnownFileType = sourcecode.cpp.cpp; path = ofxShader.cpp; sourceTree = "<group>"; };
		8BC3807F1351A86900B050A1 /* ofxShader.h */ = {isa = PBXFileReference; fileEncoding = 4; lastKnownFileType = sourcecode.c.h; path = ofxShader.h; sourceTree = "<group>"; };
		8BC380811351A88900B050A1 /* scrSelectBounds.cpp */ = {isa = PBXFileReference; fileEncoding = 4; lastKnownFileType = sourcecode.cpp.cpp; path = scrSelectBounds.cpp; sourceTree = "<group>"; };
		8BC380821351A88900B050A1 /* scrSelectBounds.h */ = {isa = PBXFileReference; fileEncoding = 4; lastKnownFileType = sourcecode.c.h; path = scrSelectBounds.h; sourceTree = "<group>"; };
		8BC88877136E997B00D8ED2B /* SubScanInterleave.cpp */ = {isa = PBXFileReference; fileEncoding = 4; lastKnownFileType = sourcecode.cpp.cpp; path = SubScanInterleave.cpp; sourceTree = "<group>"; };
		8BC88878136E997B00D8ED2B /* SubScanInterleave.h */ = {isa = PBXFileReference; fileEncoding = 4; lastKnownFileType = sourcecode.c.h; path = SubScanInterleave.h; sourceTree = "<group>"; };
		8BC888CD13736FA300D8ED2B /* wdgXYZ.cpp */ = {isa = PBXFileReference; fileEncoding = 4; lastKnownFileType = sourcecode.cpp.cpp; path = wdgXYZ.cpp; sourceTree = "<group>"; };
		8BC888CE13736FA600D8ED2B /* wdgXYZ.h */ = {isa = PBXFileReference; fileEncoding = 4; lastKnownFileType = sourcecode.c.h; path = wdgXYZ.h; sourceTree = "<group>"; };
		8BD206BC1271B73C00A9AB03 /* todo.rtf */ = {isa = PBXFileReference; lastKnownFileType = text.rtf; path = todo.rtf; sourceTree = "<group>"; };
		8BD2072612730D0E00A9AB03 /* settings.xml */ = {isa = PBXFileReference; fileEncoding = 4; lastKnownFileType = text.xml; name = settings.xml; path = bin/data/settings.xml; sourceTree = "<group>"; };
		8BE13557127B0527008C822D /* scrGroupSwap.h */ = {isa = PBXFileReference; fileEncoding = 4; lastKnownFileType = sourcecode.c.h; path = scrGroupSwap.h; sourceTree = "<group>"; };
		8BE1355A127B0543008C822D /* scrGroupGrid.h */ = {isa = PBXFileReference; fileEncoding = 4; lastKnownFileType = sourcecode.c.h; path = scrGroupGrid.h; sourceTree = "<group>"; };
		8BE1355B127B0543008C822D /* scrGroupGrid.cpp */ = {isa = PBXFileReference; fileEncoding = 4; lastKnownFileType = sourcecode.cpp.cpp; path = scrGroupGrid.cpp; sourceTree = "<group>"; };
		8BE136F5127D4464008C822D /* scrGroupTabbed.h */ = {isa = PBXFileReference; fileEncoding = 4; lastKnownFileType = sourcecode.c.h; path = scrGroupTabbed.h; sourceTree = "<group>"; };
		8BE136F6127D4464008C822D /* scrGroupTabbed.cpp */ = {isa = PBXFileReference; fileEncoding = 4; lastKnownFileType = sourcecode.cpp.cpp; path = scrGroupTabbed.cpp; sourceTree = "<group>"; };
		E45BE0390E8CC647009D7055 /* FreeImage.h */ = {isa = PBXFileReference; fileEncoding = 4; lastKnownFileType = sourcecode.c.h; name = FreeImage.h; path = ../../../libs/freeimage/include/FreeImage.h; sourceTree = SOURCE_ROOT; };
		E45BE03F0E8CC650009D7055 /* fmod.h */ = {isa = PBXFileReference; fileEncoding = 4; lastKnownFileType = sourcecode.c.h; name = fmod.h; path = ../../../libs/fmodex/include/fmod.h; sourceTree = SOURCE_ROOT; };
		E45BE0400E8CC650009D7055 /* fmod.hpp */ = {isa = PBXFileReference; fileEncoding = 4; lastKnownFileType = sourcecode.cpp.h; name = fmod.hpp; path = ../../../libs/fmodex/include/fmod.hpp; sourceTree = SOURCE_ROOT; };
		E45BE0410E8CC650009D7055 /* fmod_codec.h */ = {isa = PBXFileReference; fileEncoding = 4; lastKnownFileType = sourcecode.c.h; name = fmod_codec.h; path = ../../../libs/fmodex/include/fmod_codec.h; sourceTree = SOURCE_ROOT; };
		E45BE0420E8CC650009D7055 /* fmod_dsp.h */ = {isa = PBXFileReference; fileEncoding = 4; lastKnownFileType = sourcecode.c.h; name = fmod_dsp.h; path = ../../../libs/fmodex/include/fmod_dsp.h; sourceTree = SOURCE_ROOT; };
		E45BE0430E8CC650009D7055 /* fmod_errors.h */ = {isa = PBXFileReference; fileEncoding = 4; lastKnownFileType = sourcecode.c.h; name = fmod_errors.h; path = ../../../libs/fmodex/include/fmod_errors.h; sourceTree = SOURCE_ROOT; };
		E45BE0440E8CC650009D7055 /* fmod_output.h */ = {isa = PBXFileReference; fileEncoding = 4; lastKnownFileType = sourcecode.c.h; name = fmod_output.h; path = ../../../libs/fmodex/include/fmod_output.h; sourceTree = SOURCE_ROOT; };
		E45BE0A70E8CC67C009D7055 /* GLee.h */ = {isa = PBXFileReference; fileEncoding = 4; lastKnownFileType = sourcecode.c.h; name = GLee.h; path = ../../../libs/GLee/include/GLee.h; sourceTree = SOURCE_ROOT; };
		E45BE0A90E8CC67C009D7055 /* GLee.a */ = {isa = PBXFileReference; lastKnownFileType = archive.ar; name = GLee.a; path = ../../../libs/GLee/lib/osx/GLee.a; sourceTree = SOURCE_ROOT; };
		E45BE2E00E8CC69C009D7055 /* RtAudio.h */ = {isa = PBXFileReference; fileEncoding = 4; lastKnownFileType = sourcecode.c.h; name = RtAudio.h; path = ../../../libs/rtAudio/include/RtAudio.h; sourceTree = SOURCE_ROOT; };
		E45BE2E10E8CC69C009D7055 /* RtError.h */ = {isa = PBXFileReference; fileEncoding = 4; lastKnownFileType = sourcecode.c.h; name = RtError.h; path = ../../../libs/rtAudio/include/RtError.h; sourceTree = SOURCE_ROOT; };
		E45BE2E30E8CC69C009D7055 /* rtAudio.a */ = {isa = PBXFileReference; lastKnownFileType = archive.ar; name = rtAudio.a; path = ../../../libs/rtAudio/lib/osx/rtAudio.a; sourceTree = SOURCE_ROOT; };
		E45BE9710E8CC7DD009D7055 /* AGL.framework */ = {isa = PBXFileReference; lastKnownFileType = wrapper.framework; name = AGL.framework; path = /System/Library/Frameworks/AGL.framework; sourceTree = "<absolute>"; };
		E45BE9720E8CC7DD009D7055 /* ApplicationServices.framework */ = {isa = PBXFileReference; lastKnownFileType = wrapper.framework; name = ApplicationServices.framework; path = /System/Library/Frameworks/ApplicationServices.framework; sourceTree = "<absolute>"; };
		E45BE9730E8CC7DD009D7055 /* AudioToolbox.framework */ = {isa = PBXFileReference; lastKnownFileType = wrapper.framework; name = AudioToolbox.framework; path = /System/Library/Frameworks/AudioToolbox.framework; sourceTree = "<absolute>"; };
		E45BE9740E8CC7DD009D7055 /* Carbon.framework */ = {isa = PBXFileReference; lastKnownFileType = wrapper.framework; name = Carbon.framework; path = /System/Library/Frameworks/Carbon.framework; sourceTree = "<absolute>"; };
		E45BE9750E8CC7DD009D7055 /* CoreAudio.framework */ = {isa = PBXFileReference; lastKnownFileType = wrapper.framework; name = CoreAudio.framework; path = /System/Library/Frameworks/CoreAudio.framework; sourceTree = "<absolute>"; };
		E45BE9760E8CC7DD009D7055 /* CoreFoundation.framework */ = {isa = PBXFileReference; lastKnownFileType = wrapper.framework; name = CoreFoundation.framework; path = /System/Library/Frameworks/CoreFoundation.framework; sourceTree = "<absolute>"; };
		E45BE9770E8CC7DD009D7055 /* CoreServices.framework */ = {isa = PBXFileReference; lastKnownFileType = wrapper.framework; name = CoreServices.framework; path = /System/Library/Frameworks/CoreServices.framework; sourceTree = "<absolute>"; };
		E45BE9790E8CC7DD009D7055 /* OpenGL.framework */ = {isa = PBXFileReference; lastKnownFileType = wrapper.framework; name = OpenGL.framework; path = /System/Library/Frameworks/OpenGL.framework; sourceTree = "<absolute>"; };
		E45BE97A0E8CC7DD009D7055 /* QuickTime.framework */ = {isa = PBXFileReference; lastKnownFileType = wrapper.framework; name = QuickTime.framework; path = /System/Library/Frameworks/QuickTime.framework; sourceTree = "<absolute>"; };
		E4B69B5B0A3A1756003C02F2 /* ScannerDebug.app */ = {isa = PBXFileReference; explicitFileType = wrapper.application; includeInIndex = 0; path = ScannerDebug.app; sourceTree = BUILT_PRODUCTS_DIR; };
		E4B6FCAD0C3E899E008CF71C /* openFrameworks-Info.plist */ = {isa = PBXFileReference; fileEncoding = 30; lastKnownFileType = text.plist.xml; path = "openFrameworks-Info.plist"; sourceTree = "<group>"; };
		E4C2421610CC549C004149E2 /* openFrameworksLib.xcodeproj */ = {isa = PBXFileReference; lastKnownFileType = "wrapper.pb-project"; name = openFrameworksLib.xcodeproj; path = ../../../libs/openFrameworksCompiled/project/osx/openFrameworksLib.xcodeproj; sourceTree = SOURCE_ROOT; };
		E4C2424410CC5A17004149E2 /* AppKit.framework */ = {isa = PBXFileReference; lastKnownFileType = wrapper.framework; name = AppKit.framework; path = /System/Library/Frameworks/AppKit.framework; sourceTree = "<absolute>"; };
		E4C2424510CC5A17004149E2 /* Cocoa.framework */ = {isa = PBXFileReference; lastKnownFileType = wrapper.framework; name = Cocoa.framework; path = /System/Library/Frameworks/Cocoa.framework; sourceTree = "<absolute>"; };
		E4C2424610CC5A17004149E2 /* IOKit.framework */ = {isa = PBXFileReference; lastKnownFileType = wrapper.framework; name = IOKit.framework; path = /System/Library/Frameworks/IOKit.framework; sourceTree = "<absolute>"; };
		E4C2425F10CC5A78004149E2 /* GLUT.framework */ = {isa = PBXFileReference; lastKnownFileType = wrapper.framework; name = GLUT.framework; path = ../../../libs/glut/lib/osx/GLUT.framework; sourceTree = SOURCE_ROOT; };
		E4C2427A10CC5B66004149E2 /* CppUnit.a */ = {isa = PBXFileReference; lastKnownFileType = archive.ar; name = CppUnit.a; path = ../../../libs/poco/lib/osx/CppUnit.a; sourceTree = SOURCE_ROOT; };
		E4C2427B10CC5B66004149E2 /* PocoFoundation.a */ = {isa = PBXFileReference; lastKnownFileType = archive.ar; name = PocoFoundation.a; path = ../../../libs/poco/lib/osx/PocoFoundation.a; sourceTree = SOURCE_ROOT; };
		E4C2427C10CC5B66004149E2 /* PocoNet.a */ = {isa = PBXFileReference; lastKnownFileType = archive.ar; name = PocoNet.a; path = ../../../libs/poco/lib/osx/PocoNet.a; sourceTree = SOURCE_ROOT; };
		E4C2427D10CC5B66004149E2 /* PocoUtil.a */ = {isa = PBXFileReference; lastKnownFileType = archive.ar; name = PocoUtil.a; path = ../../../libs/poco/lib/osx/PocoUtil.a; sourceTree = SOURCE_ROOT; };
		E4C2427E10CC5B66004149E2 /* PocoXML.a */ = {isa = PBXFileReference; lastKnownFileType = archive.ar; name = PocoXML.a; path = ../../../libs/poco/lib/osx/PocoXML.a; sourceTree = SOURCE_ROOT; };
		E4C2429310CC5C38004149E2 /* freetype.a */ = {isa = PBXFileReference; lastKnownFileType = archive.ar; name = freetype.a; path = ../../../libs/freetype/lib/osx/freetype.a; sourceTree = SOURCE_ROOT; };
		E4C242CC10CC650E004149E2 /* libfmodex.dylib */ = {isa = PBXFileReference; lastKnownFileType = "compiled.mach-o.dylib"; name = libfmodex.dylib; path = ../../../libs/fmodex/lib/osx/libfmodex.dylib; sourceTree = SOURCE_ROOT; };
		E4C246D910CCAE22004149E2 /* freeimage.a */ = {isa = PBXFileReference; lastKnownFileType = archive.ar; name = freeimage.a; path = ../../../libs/FreeImage/lib/osx/freeimage.a; sourceTree = SOURCE_ROOT; };
/* End PBXFileReference section */

/* Begin PBXFrameworksBuildPhase section */
		E4B69B590A3A1756003C02F2 /* Frameworks */ = {
			isa = PBXFrameworksBuildPhase;
			buildActionMask = 2147483647;
			files = (
				E4C2422B10CC554B004149E2 /* openFrameworksDebug.a in Frameworks */,
				E45BE0AA0E8CC67C009D7055 /* GLee.a in Frameworks */,
				E45BE2E40E8CC69C009D7055 /* rtAudio.a in Frameworks */,
				E45BE97B0E8CC7DD009D7055 /* AGL.framework in Frameworks */,
				E45BE97C0E8CC7DD009D7055 /* ApplicationServices.framework in Frameworks */,
				E45BE97D0E8CC7DD009D7055 /* AudioToolbox.framework in Frameworks */,
				E45BE97E0E8CC7DD009D7055 /* Carbon.framework in Frameworks */,
				E45BE97F0E8CC7DD009D7055 /* CoreAudio.framework in Frameworks */,
				E45BE9800E8CC7DD009D7055 /* CoreFoundation.framework in Frameworks */,
				E45BE9810E8CC7DD009D7055 /* CoreServices.framework in Frameworks */,
				E45BE9830E8CC7DD009D7055 /* OpenGL.framework in Frameworks */,
				E45BE9840E8CC7DD009D7055 /* QuickTime.framework in Frameworks */,
				E4C2424710CC5A17004149E2 /* AppKit.framework in Frameworks */,
				E4C2424810CC5A17004149E2 /* Cocoa.framework in Frameworks */,
				E4C2424910CC5A17004149E2 /* IOKit.framework in Frameworks */,
				E4C2426610CC5A78004149E2 /* GLUT.framework in Frameworks */,
				E4C2427F10CC5B66004149E2 /* CppUnit.a in Frameworks */,
				E4C2428010CC5B66004149E2 /* PocoFoundation.a in Frameworks */,
				E4C2428110CC5B66004149E2 /* PocoNet.a in Frameworks */,
				E4C2428210CC5B66004149E2 /* PocoUtil.a in Frameworks */,
				E4C2428310CC5B66004149E2 /* PocoXML.a in Frameworks */,
				E4C2429410CC5C38004149E2 /* freetype.a in Frameworks */,
				E4C242CD10CC650E004149E2 /* libfmodex.dylib in Frameworks */,
				E4C246DA10CCAE22004149E2 /* freeimage.a in Frameworks */,
			);
			runOnlyForDeploymentPostprocessing = 0;
		};
/* End PBXFrameworksBuildPhase section */

/* Begin PBXGroup section */
		8B08B3991279729500914672 /* Groups */ = {
			isa = PBXGroup;
			children = (
				8B3A2E25127805AC006144DE /* scrGroupBase.cpp */,
				8B3A2E24127805AC006144DE /* scrGroupBase.h */,
				8BE13557127B0527008C822D /* scrGroupSwap.h */,
				8BE1355A127B0543008C822D /* scrGroupGrid.h */,
				8BE1355B127B0543008C822D /* scrGroupGrid.cpp */,
				8BE136F5127D4464008C822D /* scrGroupTabbed.h */,
				8BE136F6127D4464008C822D /* scrGroupTabbed.cpp */,
			);
			name = Groups;
			sourceTree = "<group>";
		};
		8B0EFAE31282BD450095D621 /* ofxPolyFit */ = {
			isa = PBXGroup;
			children = (
				8B0EFAE41282BD450095D621 /* basisTransformIndicies.cpp */,
				8B0EFAE51282BD450095D621 /* basisTransformIndicies.h */,
				8B0EFAE61282BD450095D621 /* FitBase.cpp */,
				8B0EFAE71282BD450095D621 /* FitBase.h */,
				8B0EFAE81282BD450095D621 /* matrix.cpp */,
				8B0EFAE91282BD450095D621 /* matrix.h */,
				8B0EFAEA1282BD450095D621 /* ofxPolyFit.cpp */,
				8B0EFAEB1282BD450095D621 /* ofxPolyFit.h */,
				8B0EFAEE1282BD450095D621 /* polyNfit.cpp */,
				8B0EFAEF1282BD450095D621 /* polyNfit.h */,
				8B0EFAF21282BD450095D621 /* powerBases.cpp */,
				8B0EFAF31282BD450095D621 /* powerBases.h */,
			);
			name = ofxPolyFit;
			path = ../../../addons/ofxPolyFit;
			sourceTree = SOURCE_ROOT;
		};
		8B132C56137383240011315A /* Process */ = {
			isa = PBXGroup;
			children = (
				8BC0FE171280731D00FD3F66 /* Correlate */,
				8B39FB831376CFC0005062D5 /* RANSAC */,
				8B39FB841376CFD4005062D5 /* Assemble */,
				8B39FB881379D08B005062D5 /* Long image */,
				8B39FB7D1376BC30005062D5 /* ScanSet.cpp */,
				8B39FB7E1376BC30005062D5 /* ScanSet.h */,
				8B39FB801376C1AB005062D5 /* scrScanSet.cpp */,
				8B39FB811376C1AB005062D5 /* scrScanSet.h */,
			);
			name = Process;
			sourceTree = "<group>";
		};
		8B3042511350B8AA00ED4961 /* Camera */ = {
			isa = PBXGroup;
			children = (
				8B3042521350B8EC00ED4961 /* CameraBase.cpp */,
				8B3042531350B8EC00ED4961 /* CameraBase.h */,
				8B3042541350B8EC00ED4961 /* CameraTheosVideoInput.cpp */,
				8B3042551350B8EC00ED4961 /* CameraTheosVideoInput.h */,
				8B3042581350C08200ED4961 /* CameraDefault.cpp */,
				8B3042591350C08200ED4961 /* CameraDefault.h */,
			);
			name = Camera;
			sourceTree = "<group>";
		};
		8B30425B1350C40F00ED4961 /* ofxThread */ = {
			isa = PBXGroup;
			children = (
				8B30425C1350C40F00ED4961 /* docs */,
				8B30425E1350C40F00ED4961 /* install.xml */,
				8B30425F1350C40F00ED4961 /* src */,
			);
			name = ofxThread;
			path = ../../../addons/ofxThread;
			sourceTree = "<group>";
		};
		8B30425C1350C40F00ED4961 /* docs */ = {
			isa = PBXGroup;
			children = (
				8B30425D1350C40F00ED4961 /* Instructions.txt */,
			);
			path = docs;
			sourceTree = "<group>";
		};
		8B30425F1350C40F00ED4961 /* src */ = {
			isa = PBXGroup;
			children = (
				8B3042601350C40F00ED4961 /* ofxThread.cpp */,
				8B3042611350C40F00ED4961 /* ofxThread.h */,
			);
			path = src;
			sourceTree = "<group>";
		};
		8B39FB831376CFC0005062D5 /* RANSAC */ = {
			isa = PBXGroup;
			children = (
				8B132C5A13745FAF0011315A /* RANSACFilter.cpp */,
				8B132C5B13745FAF0011315A /* RANSACFilter.h */,
			);
			name = RANSAC;
			sourceTree = "<group>";
		};
		8B39FB841376CFD4005062D5 /* Assemble */ = {
			isa = PBXGroup;
			children = (
				8B39FB851376CFEA005062D5 /* AssembleScans.cpp */,
				8B39FB861376CFEA005062D5 /* AssembleScans.h */,
			);
			name = Assemble;
			sourceTree = "<group>";
		};
		8B39FB881379D08B005062D5 /* Long image */ = {
			isa = PBXGroup;
			children = (
				8B39FB891379D0BD005062D5 /* LongImage.cpp */,
				8B39FB8A1379D0BD005062D5 /* LongImage.h */,
			);
			name = "Long image";
			sourceTree = "<group>";
		};
		8B4E4C2B135547A400B521CC /* Subscan */ = {
			isa = PBXGroup;
			children = (
				8BAFAF2B136425E500BE51E9 /* SubScanTypes */,
				8B4E4C2C135547B700B521CC /* SubScanBase.cpp */,
				8B4E4C2D135547B700B521CC /* SubScanBase.h */,
				8B56ED4E1361B17500E9CDD3 /* SubScanSet.cpp */,
				8B56ED4F1361B17500E9CDD3 /* SubScanSet.h */,
			);
			name = Subscan;
			sourceTree = "<group>";
		};
		8B5C88461271898400AA9B44 /* ofxKCScreensGUI */ = {
			isa = PBXGroup;
			children = (
				8B5C88471271898400AA9B44 /* data */,
				8B5C884E1271898400AA9B44 /* src */,
			);
			name = ofxKCScreensGUI;
			path = ../../../addons/ofxCVgui;
			sourceTree = SOURCE_ROOT;
		};
		8B5C88471271898400AA9B44 /* data */ = {
			isa = PBXGroup;
			children = (
				8B5C88481271898400AA9B44 /* assets */,
			);
			path = data;
			sourceTree = "<group>";
		};
		8B5C88481271898400AA9B44 /* assets */ = {
			isa = PBXGroup;
			children = (
				8B5C88491271898400AA9B44 /* button-plus.png */,
				8B5C884A1271898400AA9B44 /* button-plus_over.png */,
				8B5C884B1271898400AA9B44 /* button-switch.png */,
				8B5C884C1271898400AA9B44 /* button-switch_over.png */,
				8B5C884D1271898400AA9B44 /* Lucida Console.ttf */,
			);
			path = assets;
			sourceTree = "<group>";
		};
		8B5C884E1271898400AA9B44 /* src */ = {
			isa = PBXGroup;
			children = (
				8BC0FB2B1280251500FD3F66 /* widgets */,
				8BA979FC12718A1D00D2312F /* screens */,
				8B5C884F1271898400AA9B44 /* btnBase.cpp */,
				8B5C88501271898400AA9B44 /* btnBase.h */,
				8B5C88521271898400AA9B44 /* ofxKCScreensGUI.cpp */,
				8B5C88531271898400AA9B44 /* ofxKCScreensGUI.h */,
				8B5C88541271898400AA9B44 /* GUIAssets.cpp */,
				8B5C88551271898400AA9B44 /* GUIAssets.h */,
				8B5C88561271898400AA9B44 /* GUIConstants.h */,
				8B5C88571271898400AA9B44 /* GUIGlobal.cpp */,
				8B5C88581271898400AA9B44 /* GUIGlobal.h */,
				8B5C88591271898400AA9B44 /* Histogram.cpp */,
				8B5C885A1271898400AA9B44 /* Histogram.h */,
			);
			path = src;
			sourceTree = "<group>";
		};
		8B620B6F12813E4400DDD683 /* Payloads */ = {
			isa = PBXGroup;
			children = (
				8B620B7012813E4400DDD683 /* PayloadBase.cpp */,
				8B620B7112813E4400DDD683 /* PayloadBase.h */,
				8B620B7212813E4400DDD683 /* PayloadBinary.cpp */,
				8B620B7312813E4400DDD683 /* PayloadBinary.h */,
				8B620B7412813E4400DDD683 /* PayloadGraycode.cpp */,
				8B620B7512813E4400DDD683 /* PayloadGraycode.h */,
			);
			name = Payloads;
			path = Scanner/Payloads;
			sourceTree = "<group>";
		};
		8B64D48E1281C4A900DB4369 /* ofxDirList */ = {
			isa = PBXGroup;
			children = (
				8B64D48F1281C4A900DB4369 /* doc */,
				8B64D4911281C4A900DB4369 /* install.xml */,
				8B64D4921281C4A900DB4369 /* src */,
			);
			name = ofxDirList;
			path = ../../../addons/ofxDirList;
			sourceTree = SOURCE_ROOT;
		};
		8B64D48F1281C4A900DB4369 /* doc */ = {
			isa = PBXGroup;
			children = (
				8B64D4901281C4A900DB4369 /* Instructions.txt */,
			);
			path = doc;
			sourceTree = "<group>";
		};
		8B64D4921281C4A900DB4369 /* src */ = {
			isa = PBXGroup;
			children = (
				8B64D4931281C4A900DB4369 /* ofxDirList.cpp */,
				8B64D4941281C4A900DB4369 /* ofxDirList.h */,
			);
			path = src;
			sourceTree = "<group>";
		};
		8B64D56C128257FA00DB4369 /* ofxFBOTexture */ = {
			isa = PBXGroup;
			children = (
				8B64D56D128257FA00DB4369 /* ofxFBOTexture.cpp */,
				8B64D56E128257FA00DB4369 /* ofxFBOTexture.h */,
			);
			name = ofxFBOTexture;
			path = ../../../addons/ofxFBOTexture;
			sourceTree = SOURCE_ROOT;
		};
		8B6B964E12717C2F0090C147 /* ofxXmlSettings */ = {
			isa = PBXGroup;
			children = (
				8B6B964F12717C2F0090C147 /* install.xml */,
				8B6B965012717C2F0090C147 /* libs */,
				8B6B965512717C2F0090C147 /* src */,
			);
			name = ofxXmlSettings;
			path = "/Users/elliot/openFrameworks 0.6/addons/ofxXmlSettings";
			sourceTree = "<absolute>";
		};
		8B6B965012717C2F0090C147 /* libs */ = {
			isa = PBXGroup;
			children = (
				8B6B965112717C2F0090C147 /* tinyxml.cpp */,
				8B6B965212717C2F0090C147 /* tinyxml.h */,
				8B6B965312717C2F0090C147 /* tinyxmlerror.cpp */,
				8B6B965412717C2F0090C147 /* tinyxmlparser.cpp */,
			);
			path = libs;
			sourceTree = "<group>";
		};
		8B6B965512717C2F0090C147 /* src */ = {
			isa = PBXGroup;
			children = (
				8B6B965612717C2F0090C147 /* ofxXmlSettings.cpp */,
				8B6B965712717C2F0090C147 /* ofxXmlSettings.h */,
			);
			path = src;
			sourceTree = "<group>";
		};
		8BA979FC12718A1D00D2312F /* screens */ = {
			isa = PBXGroup;
			children = (
				8B08B3991279729500914672 /* Groups */,
				8B5C885B1271898400AA9B44 /* scrBase.cpp */,
				8B5C885C1271898400AA9B44 /* scrBase.h */,
				8B5C885D1271898400AA9B44 /* scrBaseMarkers.cpp */,
				8B5C885E1271898400AA9B44 /* scrBaseMarkers.h */,
				8B5C885F1271898400AA9B44 /* scrHistograms.cpp */,
				8B5C88601271898400AA9B44 /* scrHistograms.h */,
				8B5C88611271898400AA9B44 /* scrTexture.cpp */,
				8B5C88621271898400AA9B44 /* scrTexture.h */,
				8BC0FB33128026E600FD3F66 /* scrWidgets.h */,
				8BC0FB34128026E600FD3F66 /* scrWidgets.cpp */,
				8B64D48B1281C46200DB4369 /* scrFileSelect.h */,
				8B64D48C1281C46200DB4369 /* scrFileSelect.cpp */,
				8B64D56912824CF200DB4369 /* scrPointCloud.h */,
				8B64D56A12824CF200DB4369 /* scrPointCloud.cpp */,
			);
			name = screens;
			sourceTree = "<group>";
		};
		8BAFAF2B136425E500BE51E9 /* SubScanTypes */ = {
			isa = PBXGroup;
			children = (
				8BAFAF2C136425F900BE51E9 /* SubScanBasic.cpp */,
				8BAFAF2D136425F900BE51E9 /* SubScanBasic.h */,
				8BC88877136E997B00D8ED2B /* SubScanInterleave.cpp */,
				8BC88878136E997B00D8ED2B /* SubScanInterleave.h */,
			);
			name = SubScanTypes;
			sourceTree = "<group>";
		};
		8BC0FB0C127F2A5300FD3F66 /* Classes */ = {
			isa = PBXGroup;
			children = (
				8B620B5E12813E2000DDD683 /* PCPixel.cpp */,
				8B620B5F12813E2000DDD683 /* PCPixel.h */,
			);
			name = Classes;
			sourceTree = "<group>";
		};
		8BC0FB2B1280251500FD3F66 /* widgets */ = {
			isa = PBXGroup;
			children = (
				8BC0FB2C1280252500FD3F66 /* wdgBase.h */,
				8BC0FB2D1280252500FD3F66 /* wdgBase.cpp */,
				8BC0FB301280265700FD3F66 /* wdgSlider.h */,
				8BC0FC331280327300FD3F66 /* wdgSlider.cpp */,
				8B620BBE12813F7900DDD683 /* wdgCounter.h */,
				8B620BBF12813F7900DDD683 /* wdgCounter.cpp */,
				8B620C6F1281483E00DDD683 /* wdgButton.h */,
				8B620C701281483E00DDD683 /* wdgButton.cpp */,
				8BC888CD13736FA300D8ED2B /* wdgXYZ.cpp */,
				8BC888CE13736FA600D8ED2B /* wdgXYZ.h */,
			);
			name = widgets;
			sourceTree = "<group>";
		};
		8BC0FE171280731D00FD3F66 /* Correlate */ = {
			isa = PBXGroup;
			children = (
				8B620B5512813DFA00DDD683 /* CorrelateMain.cpp */,
				8B620B5612813DFA00DDD683 /* CorrelateMain.h */,
				8BC380811351A88900B050A1 /* scrSelectBounds.cpp */,
				8BC380821351A88900B050A1 /* scrSelectBounds.h */,
			);
			name = Correlate;
			sourceTree = "<group>";
		};
		8BC3807B1351A86900B050A1 /* ofxShader */ = {
			isa = PBXGroup;
			children = (
				8BC3807C1351A86900B050A1 /* README.md */,
				8BC3807D1351A86900B050A1 /* src */,
			);
			name = ofxShader;
			path = ../../../addons/ofxShader;
			sourceTree = "<group>";
		};
		8BC3807D1351A86900B050A1 /* src */ = {
			isa = PBXGroup;
			children = (
				8BC3807E1351A86900B050A1 /* ofxShader.cpp */,
				8BC3807F1351A86900B050A1 /* ofxShader.h */,
			);
			path = src;
			sourceTree = "<group>";
		};
		8BE13660127C72FA008C822D /* Calibrate App */ = {
			isa = PBXGroup;
			children = (
				8B620B9412813E8800DDD683 /* main.cpp */,
				8B620B9512813E8800DDD683 /* PCApp.cpp */,
				8B620B9612813E8800DDD683 /* PCApp.h */,
			);
			name = "Calibrate App";
			sourceTree = "<group>";
		};
		E45BE0360E8CC5DE009D7055 /* libs */ = {
			isa = PBXGroup;
			children = (
				E45BEED60E8CCB34009D7055 /* core */,
			);
			name = libs;
			sourceTree = "<group>";
		};
		E45BE0370E8CC647009D7055 /* freeimage */ = {
			isa = PBXGroup;
			children = (
				E4C246D810CCAE22004149E2 /* osx */,
				E45BE0380E8CC647009D7055 /* include */,
			);
			name = freeimage;
			path = ../../../libs/freeimage;
			sourceTree = SOURCE_ROOT;
		};
		E45BE0380E8CC647009D7055 /* include */ = {
			isa = PBXGroup;
			children = (
				E45BE0390E8CC647009D7055 /* FreeImage.h */,
			);
			name = include;
			path = ../../../libs/freeimage/include;
			sourceTree = SOURCE_ROOT;
		};
		E45BE03D0E8CC650009D7055 /* fmodex */ = {
			isa = PBXGroup;
			children = (
				E45BE03E0E8CC650009D7055 /* inc */,
				E4C2428E10CC5C18004149E2 /* osx */,
			);
			name = fmodex;
			path = ../../../libs/fmodex;
			sourceTree = SOURCE_ROOT;
		};
		E45BE03E0E8CC650009D7055 /* inc */ = {
			isa = PBXGroup;
			children = (
				E45BE03F0E8CC650009D7055 /* fmod.h */,
				E45BE0400E8CC650009D7055 /* fmod.hpp */,
				E45BE0410E8CC650009D7055 /* fmod_codec.h */,
				E45BE0420E8CC650009D7055 /* fmod_dsp.h */,
				E45BE0430E8CC650009D7055 /* fmod_errors.h */,
				E45BE0440E8CC650009D7055 /* fmod_output.h */,
			);
			name = inc;
			path = ../../../libs/fmodex/include;
			sourceTree = SOURCE_ROOT;
		};
		E45BE0480E8CC657009D7055 /* core libraries */ = {
			isa = PBXGroup;
			children = (
				E4C2425B10CC5A78004149E2 /* glut */,
				E45BEC7B0E8CC911009D7055 /* poco */,
				E45BE2D50E8CC69C009D7055 /* rtAudio */,
				E45BE0A50E8CC67C009D7055 /* GLee */,
				E45BE0490E8CC676009D7055 /* freetype */,
				E45BE03D0E8CC650009D7055 /* fmodex */,
				E45BE0370E8CC647009D7055 /* freeimage */,
			);
			name = "core libraries";
			sourceTree = "<group>";
		};
		E45BE0490E8CC676009D7055 /* freetype */ = {
			isa = PBXGroup;
			children = (
				E4C2429210CC5C38004149E2 /* osx */,
			);
			name = freetype;
			path = ../../../libs/freetype;
			sourceTree = SOURCE_ROOT;
		};
		E45BE0A50E8CC67C009D7055 /* GLee */ = {
			isa = PBXGroup;
			children = (
				E45BE0A60E8CC67C009D7055 /* include */,
				E45BE0A80E8CC67C009D7055 /* lib */,
			);
			name = GLee;
			path = ../../../libs/GLee;
			sourceTree = SOURCE_ROOT;
		};
		E45BE0A60E8CC67C009D7055 /* include */ = {
			isa = PBXGroup;
			children = (
				E45BE0A70E8CC67C009D7055 /* GLee.h */,
			);
			name = include;
			path = ../../../libs/GLee/include;
			sourceTree = SOURCE_ROOT;
		};
		E45BE0A80E8CC67C009D7055 /* lib */ = {
			isa = PBXGroup;
			children = (
				E45BE0A90E8CC67C009D7055 /* GLee.a */,
			);
			name = lib;
			path = ../../../libs/GLee/lib/osx;
			sourceTree = SOURCE_ROOT;
		};
		E45BE2D50E8CC69C009D7055 /* rtAudio */ = {
			isa = PBXGroup;
			children = (
				E45BE2D60E8CC69C009D7055 /* include */,
				E45BE2E20E8CC69C009D7055 /* lib */,
			);
			name = rtAudio;
			path = ../../../libs/rtAudio;
			sourceTree = SOURCE_ROOT;
		};
		E45BE2D60E8CC69C009D7055 /* include */ = {
			isa = PBXGroup;
			children = (
				E45BE2D70E8CC69C009D7055 /* asio */,
				E45BE2E00E8CC69C009D7055 /* RtAudio.h */,
				E45BE2E10E8CC69C009D7055 /* RtError.h */,
			);
			name = include;
			path = ../../../libs/rtAudio/include;
			sourceTree = SOURCE_ROOT;
		};
		E45BE2D70E8CC69C009D7055 /* asio */ = {
			isa = PBXGroup;
			children = (
			);
			name = asio;
			path = ../../../libs/rtAudio/include/asio;
			sourceTree = SOURCE_ROOT;
		};
		E45BE2E20E8CC69C009D7055 /* lib */ = {
			isa = PBXGroup;
			children = (
				E45BE2E30E8CC69C009D7055 /* rtAudio.a */,
			);
			name = lib;
			path = ../../../libs/rtAudio/lib/osx;
			sourceTree = SOURCE_ROOT;
		};
		E45BE5980E8CC70C009D7055 /* core frameworks */ = {
			isa = PBXGroup;
			children = (
				E4C2424410CC5A17004149E2 /* AppKit.framework */,
				E4C2424510CC5A17004149E2 /* Cocoa.framework */,
				E4C2424610CC5A17004149E2 /* IOKit.framework */,
				E45BE9710E8CC7DD009D7055 /* AGL.framework */,
				E45BE9720E8CC7DD009D7055 /* ApplicationServices.framework */,
				E45BE9730E8CC7DD009D7055 /* AudioToolbox.framework */,
				E45BE9740E8CC7DD009D7055 /* Carbon.framework */,
				E45BE9750E8CC7DD009D7055 /* CoreAudio.framework */,
				E45BE9760E8CC7DD009D7055 /* CoreFoundation.framework */,
				E45BE9770E8CC7DD009D7055 /* CoreServices.framework */,
				E45BE9790E8CC7DD009D7055 /* OpenGL.framework */,
				E45BE97A0E8CC7DD009D7055 /* QuickTime.framework */,
			);
			name = "core frameworks";
			sourceTree = "<group>";
		};
		E45BEC7B0E8CC911009D7055 /* poco */ = {
			isa = PBXGroup;
			children = (
				E4C2427910CC5B66004149E2 /* osx */,
			);
			name = poco;
			path = ../../../libs/poco;
			sourceTree = SOURCE_ROOT;
		};
		E45BEED60E8CCB34009D7055 /* core */ = {
			isa = PBXGroup;
			children = (
				E45BE0480E8CC657009D7055 /* core libraries */,
				E45BE5980E8CC70C009D7055 /* core frameworks */,
			);
			name = core;
			sourceTree = "<group>";
		};
		E4B69B4A0A3A1720003C02F2 = {
			isa = PBXGroup;
			children = (
				8BD2072612730D0E00A9AB03 /* settings.xml */,
				8BE13660127C72FA008C822D /* Calibrate App */,
				E4B69B5B0A3A1756003C02F2 /* ScannerDebug.app */,
				E4B6FCAD0C3E899E008CF71C /* openFrameworks-Info.plist */,
				E4B69E1C0A3A1BDC003C02F2 /* PC scanner */,
				8B132C56137383240011315A /* Process */,
				8B5C88461271898400AA9B44 /* ofxKCScreensGUI */,
				8B0EFAE31282BD450095D621 /* ofxPolyFit */,
				8B64D56C128257FA00DB4369 /* ofxFBOTexture */,
				8B64D48E1281C4A900DB4369 /* ofxDirList */,
				8B6B964E12717C2F0090C147 /* ofxXmlSettings */,
				8B30425B1350C40F00ED4961 /* ofxThread */,
				8BC3807B1351A86900B050A1 /* ofxShader */,
				E4C2422310CC54B6004149E2 /* openFrameworks */,
				E45BE0360E8CC5DE009D7055 /* libs */,
				8BD206BC1271B73C00A9AB03 /* todo.rtf */,
			);
			sourceTree = "<group>";
		};
		E4B69E1C0A3A1BDC003C02F2 /* PC scanner */ = {
			isa = PBXGroup;
			children = (
				8B3042511350B8AA00ED4961 /* Camera */,
				8B620B5812813E0500DDD683 /* PCManager.cpp */,
				8B620B5912813E0500DDD683 /* PCManager.h */,
				8BC0FB0C127F2A5300FD3F66 /* Classes */,
				8B620B6F12813E4400DDD683 /* Payloads */,
				8B4E4C2B135547A400B521CC /* Subscan */,
				8B620B6112813E3B00DDD683 /* PCConfig.cpp */,
				8B620B6212813E3B00DDD683 /* PCConfig.h */,
				8B620B6312813E3B00DDD683 /* PCconstants.h */,
				8B620B6412813E3B00DDD683 /* PCDecode.cpp */,
				8B620B6512813E3B00DDD683 /* PCDecode.h */,
				8B620B6612813E3B00DDD683 /* PCEncode.cpp */,
				8B620B6712813E3B00DDD683 /* PCEncode.h */,
				8B620B6912813E3B00DDD683 /* PCLogger.cpp */,
				8B620B6A12813E3B00DDD683 /* PCLogger.h */,
			);
			name = "PC scanner";
			path = src;
			sourceTree = SOURCE_ROOT;
		};
		E4C2421710CC549C004149E2 /* Products */ = {
			isa = PBXGroup;
			children = (
				E4C2421E10CC549C004149E2 /* openFrameworksDebug.a */,
			);
			name = Products;
			sourceTree = "<group>";
		};
		E4C2422310CC54B6004149E2 /* openFrameworks */ = {
			isa = PBXGroup;
			children = (
				E4C2421610CC549C004149E2 /* openFrameworksLib.xcodeproj */,
			);
			name = openFrameworks;
			sourceTree = "<group>";
		};
		E4C2425B10CC5A78004149E2 /* glut */ = {
			isa = PBXGroup;
			children = (
				E4C2425D10CC5A78004149E2 /* lib */,
			);
			name = glut;
			path = ../../../libs/glut;
			sourceTree = SOURCE_ROOT;
		};
		E4C2425D10CC5A78004149E2 /* lib */ = {
			isa = PBXGroup;
			children = (
				E4C2425E10CC5A78004149E2 /* osx */,
			);
			name = lib;
			path = ../../../libs/glut/lib;
			sourceTree = SOURCE_ROOT;
		};
		E4C2425E10CC5A78004149E2 /* osx */ = {
			isa = PBXGroup;
			children = (
				E4C2425F10CC5A78004149E2 /* GLUT.framework */,
			);
			name = osx;
			path = ../../../libs/glut/lib/osx;
			sourceTree = SOURCE_ROOT;
		};
		E4C2427910CC5B66004149E2 /* osx */ = {
			isa = PBXGroup;
			children = (
				E4C2427A10CC5B66004149E2 /* CppUnit.a */,
				E4C2427B10CC5B66004149E2 /* PocoFoundation.a */,
				E4C2427C10CC5B66004149E2 /* PocoNet.a */,
				E4C2427D10CC5B66004149E2 /* PocoUtil.a */,
				E4C2427E10CC5B66004149E2 /* PocoXML.a */,
			);
			name = osx;
			path = ../../../libs/poco/lib/osx;
			sourceTree = SOURCE_ROOT;
		};
		E4C2428E10CC5C18004149E2 /* osx */ = {
			isa = PBXGroup;
			children = (
				E4C242CC10CC650E004149E2 /* libfmodex.dylib */,
			);
			name = osx;
			path = ../../../libs/fmodex/lib/osx;
			sourceTree = SOURCE_ROOT;
		};
		E4C2429210CC5C38004149E2 /* osx */ = {
			isa = PBXGroup;
			children = (
				E4C2429310CC5C38004149E2 /* freetype.a */,
			);
			name = osx;
			path = ../../../libs/freetype/lib/osx;
			sourceTree = SOURCE_ROOT;
		};
		E4C246D810CCAE22004149E2 /* osx */ = {
			isa = PBXGroup;
			children = (
				E4C246D910CCAE22004149E2 /* freeimage.a */,
			);
			name = osx;
			path = ../../../libs/FreeImage/lib/osx;
			sourceTree = SOURCE_ROOT;
		};
/* End PBXGroup section */

/* Begin PBXNativeTarget section */
		E4B69B5A0A3A1756003C02F2 /* Scanner */ = {
			isa = PBXNativeTarget;
			buildConfigurationList = E4B69B5F0A3A1757003C02F2 /* Build configuration list for PBXNativeTarget "Scanner" */;
			buildPhases = (
				E4B69B580A3A1756003C02F2 /* Sources */,
				E4B69B590A3A1756003C02F2 /* Frameworks */,
				E4B6FFFD0C3F9AB9008CF71C /* ShellScript */,
				E4C2427710CC5ABF004149E2 /* CopyFiles */,
				E4C2444710CC769B004149E2 /* CopyFiles */,
			);
			buildRules = (
			);
			dependencies = (
				E4C2422810CC54DA004149E2 /* PBXTargetDependency */,
			);
			name = Scanner;
			productName = myOFApp;
			productReference = E4B69B5B0A3A1756003C02F2 /* ScannerDebug.app */;
			productType = "com.apple.product-type.application";
		};
/* End PBXNativeTarget section */

/* Begin PBXProject section */
		E4B69B4C0A3A1720003C02F2 /* Project object */ = {
			isa = PBXProject;
			buildConfigurationList = E4B69B4D0A3A1720003C02F2 /* Build configuration list for PBXProject "PC Encode" */;
			compatibilityVersion = "Xcode 2.4";
			developmentRegion = English;
			hasScannedForEncodings = 0;
			knownRegions = (
				en,
			);
			mainGroup = E4B69B4A0A3A1720003C02F2;
			productRefGroup = E4B69B4A0A3A1720003C02F2;
			projectDirPath = "";
			projectReferences = (
				{
					ProductGroup = E4C2421710CC549C004149E2 /* Products */;
					ProjectRef = E4C2421610CC549C004149E2 /* openFrameworksLib.xcodeproj */;
				},
			);
			projectRoot = "";
			targets = (
				E4B69B5A0A3A1756003C02F2 /* Scanner */,
			);
		};
/* End PBXProject section */

/* Begin PBXReferenceProxy section */
		E4C2421E10CC549C004149E2 /* openFrameworksDebug.a */ = {
			isa = PBXReferenceProxy;
			fileType = archive.ar;
			path = openFrameworksDebug.a;
			remoteRef = E4C2421D10CC549C004149E2 /* PBXContainerItemProxy */;
			sourceTree = BUILT_PRODUCTS_DIR;
		};
/* End PBXReferenceProxy section */

/* Begin PBXShellScriptBuildPhase section */
		E4B6FFFD0C3F9AB9008CF71C /* ShellScript */ = {
			isa = PBXShellScriptBuildPhase;
			buildActionMask = 2147483647;
			files = (
			);
			inputPaths = (
			);
			outputPaths = (
			);
			runOnlyForDeploymentPostprocessing = 0;
			shellPath = /bin/sh;
			shellScript = "cp -f ../../../libs/fmodex/lib/osx/libfmodex.dylib \"$TARGET_BUILD_DIR/$PRODUCT_NAME.app/Contents/MacOS/libfmodex.dylib\"\ninstall_name_tool -change ./libfmodex.dylib @executable_path/libfmodex.dylib \"$TARGET_BUILD_DIR/$PRODUCT_NAME.app/Contents/MacOS/$PRODUCT_NAME\" ";
		};
/* End PBXShellScriptBuildPhase section */

/* Begin PBXSourcesBuildPhase section */
		E4B69B580A3A1756003C02F2 /* Sources */ = {
			isa = PBXSourcesBuildPhase;
			buildActionMask = 2147483647;
			files = (
				8B6B965812717C2F0090C147 /* tinyxml.cpp in Sources */,
				8B6B965912717C2F0090C147 /* tinyxmlerror.cpp in Sources */,
				8B6B965A12717C2F0090C147 /* tinyxmlparser.cpp in Sources */,
				8B6B965B12717C2F0090C147 /* ofxXmlSettings.cpp in Sources */,
				8B5C88631271898400AA9B44 /* btnBase.cpp in Sources */,
				8B5C88641271898400AA9B44 /* ofxKCScreensGUI.cpp in Sources */,
				8B5C88651271898400AA9B44 /* GUIAssets.cpp in Sources */,
				8B5C88661271898400AA9B44 /* GUIGlobal.cpp in Sources */,
				8B5C88671271898400AA9B44 /* Histogram.cpp in Sources */,
				8B5C88681271898400AA9B44 /* scrBase.cpp in Sources */,
				8B5C88691271898400AA9B44 /* scrBaseMarkers.cpp in Sources */,
				8B5C886A1271898400AA9B44 /* scrHistograms.cpp in Sources */,
				8B5C886B1271898400AA9B44 /* scrTexture.cpp in Sources */,
				8B3A2E26127805AC006144DE /* scrGroupBase.cpp in Sources */,
				8BE1355C127B0543008C822D /* scrGroupGrid.cpp in Sources */,
				8BE136F7127D4464008C822D /* scrGroupTabbed.cpp in Sources */,
				8BC0FB2E1280252500FD3F66 /* wdgBase.cpp in Sources */,
				8BC0FB35128026E600FD3F66 /* scrWidgets.cpp in Sources */,
				8BC0FC341280327300FD3F66 /* wdgSlider.cpp in Sources */,
				8B620B5712813DFA00DDD683 /* CorrelateMain.cpp in Sources */,
				8B620B5A12813E0500DDD683 /* PCManager.cpp in Sources */,
				8B620B6012813E2000DDD683 /* PCPixel.cpp in Sources */,
				8B620B6B12813E3B00DDD683 /* PCConfig.cpp in Sources */,
				8B620B6C12813E3B00DDD683 /* PCDecode.cpp in Sources */,
				8B620B6D12813E3B00DDD683 /* PCEncode.cpp in Sources */,
				8B620B6E12813E3B00DDD683 /* PCLogger.cpp in Sources */,
				8B620B7612813E4400DDD683 /* PayloadBase.cpp in Sources */,
				8B620B7712813E4400DDD683 /* PayloadBinary.cpp in Sources */,
				8B620B7812813E4400DDD683 /* PayloadGraycode.cpp in Sources */,
				8B620B9712813E8800DDD683 /* main.cpp in Sources */,
				8B620B9812813E8800DDD683 /* PCApp.cpp in Sources */,
				8B620BC012813F7900DDD683 /* wdgCounter.cpp in Sources */,
				8B620C711281483E00DDD683 /* wdgButton.cpp in Sources */,
				8B64D48D1281C46200DB4369 /* scrFileSelect.cpp in Sources */,
				8B64D4951281C4A900DB4369 /* ofxDirList.cpp in Sources */,
				8B64D56B12824CF200DB4369 /* scrPointCloud.cpp in Sources */,
				8B64D56F128257FA00DB4369 /* ofxFBOTexture.cpp in Sources */,
				8B0EFAF41282BD450095D621 /* basisTransformIndicies.cpp in Sources */,
				8B0EFAF51282BD460095D621 /* FitBase.cpp in Sources */,
				8B0EFAF61282BD460095D621 /* matrix.cpp in Sources */,
				8B0EFAF71282BD460095D621 /* ofxPolyFit.cpp in Sources */,
				8B0EFAF91282BD460095D621 /* polyNfit.cpp in Sources */,
				8B0EFAFB1282BD460095D621 /* powerBases.cpp in Sources */,
				8B3042561350B8EC00ED4961 /* CameraBase.cpp in Sources */,
				8B3042571350B8EC00ED4961 /* CameraTheosVideoInput.cpp in Sources */,
				8B30425A1350C08200ED4961 /* CameraDefault.cpp in Sources */,
				8B3042621350C40F00ED4961 /* ofxThread.cpp in Sources */,
				8BC380801351A86900B050A1 /* ofxShader.cpp in Sources */,
				8BC380831351A88900B050A1 /* scrSelectBounds.cpp in Sources */,
				8B4E4C2E135547B700B521CC /* SubScanBase.cpp in Sources */,
				8B56ED501361B17500E9CDD3 /* SubScanSet.cpp in Sources */,
				8BAFAF2E136425F900BE51E9 /* SubScanBasic.cpp in Sources */,
				8BC88879136E997B00D8ED2B /* SubScanInterleave.cpp in Sources */,
				8BC888CF13736FAA00D8ED2B /* wdgXYZ.cpp in Sources */,
				8B132C5C13745FAF0011315A /* RANSACFilter.cpp in Sources */,
				8B39FB7F1376BC30005062D5 /* ScanSet.cpp in Sources */,
				8B39FB821376C1AB005062D5 /* scrScanSet.cpp in Sources */,
				8B39FB871376CFEA005062D5 /* AssembleScans.cpp in Sources */,
				8B39FB8B1379D0BD005062D5 /* LongImage.cpp in Sources */,
			);
			runOnlyForDeploymentPostprocessing = 0;
		};
/* End PBXSourcesBuildPhase section */

/* Begin PBXTargetDependency section */
		E4C2422810CC54DA004149E2 /* PBXTargetDependency */ = {
			isa = PBXTargetDependency;
			name = openFrameworks;
			targetProxy = E4C2422710CC54DA004149E2 /* PBXContainerItemProxy */;
		};
/* End PBXTargetDependency section */

/* Begin XCBuildConfiguration section */
		E4B27CA010CBF8A600536013 /* ReleaseUniversal */ = {
			isa = XCBuildConfiguration;
			buildSettings = {
				ARCHS = (
					ppc,
					i386,
				);
				CONFIGURATION_BUILD_DIR = "$(SRCROOT)/bin/";
				COPY_PHASE_STRIP = YES;
				DEAD_CODE_STRIPPING = YES;
				ENABLE_OPENMP_SUPPORT = YES;
				GCC_AUTO_VECTORIZATION = YES;
				GCC_ENABLE_SSE3_EXTENSIONS = YES;
				GCC_ENABLE_SUPPLEMENTAL_SSE3_INSTRUCTIONS = YES;
				GCC_INLINES_ARE_PRIVATE_EXTERN = NO;
				GCC_MODEL_TUNING = G5;
				GCC_OPTIMIZATION_LEVEL = 3;
				GCC_SYMBOLS_PRIVATE_EXTERN = NO;
				GCC_UNROLL_LOOPS = YES;
				GCC_WARN_ABOUT_DEPRECATED_FUNCTIONS = NO;
				GCC_WARN_ABOUT_INVALID_OFFSETOF_MACRO = NO;
				GCC_WARN_ALLOW_INCOMPLETE_PROTOCOL = NO;
				GCC_WARN_UNINITIALIZED_AUTOS = NO;
				GCC_WARN_UNUSED_VALUE = NO;
				GCC_WARN_UNUSED_VARIABLE = NO;
				HEADER_SEARCH_PATHS = (
					"../../../libs/openFrameworks/**",
					../../../libs/freetype/include/,
					../../../libs/freetype/include/freetype2,
					../../../libs/poco/include,
				);
				OTHER_CPLUSPLUSFLAGS = (
					"-D__MACOSX_CORE__",
					"-lpthread",
				);
				OTHER_LDFLAGS = "";
				SDKROOT = "";
			};
			name = ReleaseUniversal;
		};
		E4B27CA110CBF8A600536013 /* ReleaseUniversal */ = {
			isa = XCBuildConfiguration;
			buildSettings = {
				COPY_PHASE_STRIP = YES;
				FRAMEWORK_SEARCH_PATHS = (
					"$(inherited)",
					"$(FRAMEWORK_SEARCH_PATHS_QUOTED_FOR_TARGET_1)",
				);
				FRAMEWORK_SEARCH_PATHS_QUOTED_FOR_TARGET_1 = "\"$(SRCROOT)/../../../libs/glut/lib/osx\"";
				GCC_ENABLE_FIX_AND_CONTINUE = NO;
				GCC_GENERATE_DEBUGGING_SYMBOLS = NO;
				GCC_MODEL_TUNING = G4;
				GCC_PRECOMPILE_PREFIX_HEADER = YES;
				GCC_PREFIX_HEADER = "$(SYSTEM_LIBRARY_DIR)/Frameworks/Carbon.framework/Headers/Carbon.h";
				INFOPLIST_FILE = "openFrameworks-Info.plist";
				INSTALL_PATH = "$(HOME)/Applications";
				LIBRARY_SEARCH_PATHS = (
					"$(inherited)",
					"$(LIBRARY_SEARCH_PATHS_QUOTED_FOR_TARGET_1)",
					"$(LIBRARY_SEARCH_PATHS_QUOTED_FOR_TARGET_2)",
					"$(LIBRARY_SEARCH_PATHS_QUOTED_FOR_TARGET_3)",
					"$(LIBRARY_SEARCH_PATHS_QUOTED_FOR_TARGET_4)",
					"$(LIBRARY_SEARCH_PATHS_QUOTED_FOR_TARGET_5)",
					"$(LIBRARY_SEARCH_PATHS_QUOTED_FOR_TARGET_6)",
					"$(LIBRARY_SEARCH_PATHS_QUOTED_FOR_TARGET_7)",
					"$(LIBRARY_SEARCH_PATHS_QUOTED_FOR_TARGET_8)",
					"$(LIBRARY_SEARCH_PATHS_QUOTED_FOR_TARGET_9)",
					"$(LIBRARY_SEARCH_PATHS_QUOTED_FOR_TARGET_10)",
					"$(LIBRARY_SEARCH_PATHS_QUOTED_FOR_TARGET_11)",
					"$(LIBRARY_SEARCH_PATHS_QUOTED_FOR_TARGET_12)",
					"$(LIBRARY_SEARCH_PATHS_QUOTED_FOR_TARGET_13)",
					"$(LIBRARY_SEARCH_PATHS_QUOTED_FOR_TARGET_14)",
					"$(LIBRARY_SEARCH_PATHS_QUOTED_FOR_TARGET_15)",
					"$(LIBRARY_SEARCH_PATHS_QUOTED_FOR_TARGET_2)",
				);
				LIBRARY_SEARCH_PATHS_QUOTED_FOR_TARGET_1 = "\"$(SRCROOT)/../../../libs/freeimage/lib/osx\"";
				LIBRARY_SEARCH_PATHS_QUOTED_FOR_TARGET_14 = "\"$(SRCROOT)/../../../libs/fmodex/lib/osx\"";
				LIBRARY_SEARCH_PATHS_QUOTED_FOR_TARGET_15 = "\"$(SRCROOT)/../../../libs/freetype/lib/osx\"";
				LIBRARY_SEARCH_PATHS_QUOTED_FOR_TARGET_2 = "\"$(SRCROOT)/../../../libs/FreeImage/lib/osx\"";
				LIBRARY_SEARCH_PATHS_QUOTED_FOR_TARGET_4 = "\"$(SRCROOT)/../../../libs/GLee/lib/osx\"";
				LIBRARY_SEARCH_PATHS_QUOTED_FOR_TARGET_5 = "\"$(SRCROOT)/../../../libs/poco/lib/osx\"";
				LIBRARY_SEARCH_PATHS_QUOTED_FOR_TARGET_6 = "\"$(SRCROOT)/../../../libs/rtAudio/lib/osx\"";
				PREBINDING = NO;
				PRODUCT_NAME = "$(TARGET_NAME)Universal";
				WRAPPER_EXTENSION = app;
				ZERO_LINK = NO;
			};
			name = ReleaseUniversal;
		};
		E4B69B4E0A3A1720003C02F2 /* Debug */ = {
			isa = XCBuildConfiguration;
			buildSettings = {
				ARCHS = "$(NATIVE_ARCH)";
				CONFIGURATION_BUILD_DIR = "$(SRCROOT)/bin/";
				COPY_PHASE_STRIP = NO;
				DEAD_CODE_STRIPPING = YES;
				ENABLE_OPENMP_SUPPORT = YES;
				GCC_AUTO_VECTORIZATION = YES;
				GCC_ENABLE_SSE3_EXTENSIONS = YES;
				GCC_ENABLE_SUPPLEMENTAL_SSE3_INSTRUCTIONS = YES;
				GCC_INLINES_ARE_PRIVATE_EXTERN = NO;
				GCC_MODEL_TUNING = G5;
				GCC_SYMBOLS_PRIVATE_EXTERN = NO;
				GCC_WARN_ABOUT_DEPRECATED_FUNCTIONS = NO;
				GCC_WARN_ABOUT_INVALID_OFFSETOF_MACRO = NO;
				GCC_WARN_ALLOW_INCOMPLETE_PROTOCOL = NO;
				GCC_WARN_UNINITIALIZED_AUTOS = NO;
				GCC_WARN_UNUSED_VALUE = NO;
				GCC_WARN_UNUSED_VARIABLE = NO;
				HEADER_SEARCH_PATHS = (
					"../../../libs/openFrameworks/**",
					../../../libs/freetype/include/,
					../../../libs/freetype/include/freetype2,
					../../../libs/poco/include,
				);
				OTHER_CPLUSPLUSFLAGS = (
					"-D__MACOSX_CORE__",
					"-lpthread",
				);
				OTHER_LDFLAGS = "";
				SDKROOT = "";
			};
			name = Debug;
		};
		E4B69B4F0A3A1720003C02F2 /* Release */ = {
			isa = XCBuildConfiguration;
			buildSettings = {
				ARCHS = "$(NATIVE_ARCH)";
				CONFIGURATION_BUILD_DIR = "$(SRCROOT)/bin/";
				COPY_PHASE_STRIP = YES;
				DEAD_CODE_STRIPPING = YES;
				ENABLE_OPENMP_SUPPORT = YES;
				GCC_AUTO_VECTORIZATION = YES;
				GCC_ENABLE_SSE3_EXTENSIONS = YES;
				GCC_ENABLE_SUPPLEMENTAL_SSE3_INSTRUCTIONS = YES;
				GCC_INLINES_ARE_PRIVATE_EXTERN = NO;
				GCC_MODEL_TUNING = G5;
				GCC_OPTIMIZATION_LEVEL = 3;
				GCC_SYMBOLS_PRIVATE_EXTERN = NO;
				GCC_UNROLL_LOOPS = YES;
				GCC_WARN_ABOUT_DEPRECATED_FUNCTIONS = NO;
				GCC_WARN_ABOUT_INVALID_OFFSETOF_MACRO = NO;
				GCC_WARN_ALLOW_INCOMPLETE_PROTOCOL = NO;
				GCC_WARN_UNINITIALIZED_AUTOS = NO;
				GCC_WARN_UNUSED_VALUE = NO;
				GCC_WARN_UNUSED_VARIABLE = NO;
				HEADER_SEARCH_PATHS = (
					"../../../libs/openFrameworks/**",
					../../../libs/freetype/include/,
					../../../libs/freetype/include/freetype2,
					../../../libs/poco/include,
				);
				OTHER_CPLUSPLUSFLAGS = (
					"-D__MACOSX_CORE__",
					"-lpthread",
				);
				OTHER_LDFLAGS = "";
				SDKROOT = "";
			};
			name = Release;
		};
		E4B69B600A3A1757003C02F2 /* Debug */ = {
			isa = XCBuildConfiguration;
			buildSettings = {
				COPY_PHASE_STRIP = NO;
				FRAMEWORK_SEARCH_PATHS = (
					"$(inherited)",
					"$(FRAMEWORK_SEARCH_PATHS_QUOTED_FOR_TARGET_1)",
				);
				FRAMEWORK_SEARCH_PATHS_QUOTED_FOR_TARGET_1 = "\"$(SRCROOT)/../../../libs/glut/lib/osx\"";
				GCC_DYNAMIC_NO_PIC = NO;
				GCC_ENABLE_FIX_AND_CONTINUE = YES;
				GCC_GENERATE_DEBUGGING_SYMBOLS = YES;
				GCC_MODEL_TUNING = G4;
				GCC_OPTIMIZATION_LEVEL = 0;
				GCC_PRECOMPILE_PREFIX_HEADER = YES;
				GCC_PREFIX_HEADER = "$(SYSTEM_LIBRARY_DIR)/Frameworks/Carbon.framework/Headers/Carbon.h";
				INFOPLIST_FILE = "openFrameworks-Info.plist";
				INSTALL_PATH = "$(HOME)/Applications";
				LIBRARY_SEARCH_PATHS = (
					"$(inherited)",
					"$(LIBRARY_SEARCH_PATHS_QUOTED_FOR_TARGET_1)",
					"$(LIBRARY_SEARCH_PATHS_QUOTED_FOR_TARGET_2)",
					"$(LIBRARY_SEARCH_PATHS_QUOTED_FOR_TARGET_3)",
					"$(LIBRARY_SEARCH_PATHS_QUOTED_FOR_TARGET_4)",
					"$(LIBRARY_SEARCH_PATHS_QUOTED_FOR_TARGET_5)",
					"$(LIBRARY_SEARCH_PATHS_QUOTED_FOR_TARGET_6)",
					"$(LIBRARY_SEARCH_PATHS_QUOTED_FOR_TARGET_7)",
					"$(LIBRARY_SEARCH_PATHS_QUOTED_FOR_TARGET_8)",
					"$(LIBRARY_SEARCH_PATHS_QUOTED_FOR_TARGET_9)",
					"$(LIBRARY_SEARCH_PATHS_QUOTED_FOR_TARGET_10)",
					"$(LIBRARY_SEARCH_PATHS_QUOTED_FOR_TARGET_11)",
					"$(LIBRARY_SEARCH_PATHS_QUOTED_FOR_TARGET_12)",
					"$(LIBRARY_SEARCH_PATHS_QUOTED_FOR_TARGET_13)",
					"$(LIBRARY_SEARCH_PATHS_QUOTED_FOR_TARGET_14)",
					"$(LIBRARY_SEARCH_PATHS_QUOTED_FOR_TARGET_15)",
					"$(LIBRARY_SEARCH_PATHS_QUOTED_FOR_TARGET_2)",
				);
				LIBRARY_SEARCH_PATHS_QUOTED_FOR_TARGET_1 = "\"$(SRCROOT)/../../../libs/freeimage/lib/osx\"";
				LIBRARY_SEARCH_PATHS_QUOTED_FOR_TARGET_14 = "\"$(SRCROOT)/../../../libs/fmodex/lib/osx\"";
				LIBRARY_SEARCH_PATHS_QUOTED_FOR_TARGET_15 = "\"$(SRCROOT)/../../../libs/freetype/lib/osx\"";
				LIBRARY_SEARCH_PATHS_QUOTED_FOR_TARGET_2 = "\"$(SRCROOT)/../../../libs/FreeImage/lib/osx\"";
				LIBRARY_SEARCH_PATHS_QUOTED_FOR_TARGET_4 = "\"$(SRCROOT)/../../../libs/GLee/lib/osx\"";
				LIBRARY_SEARCH_PATHS_QUOTED_FOR_TARGET_5 = "\"$(SRCROOT)/../../../libs/poco/lib/osx\"";
				LIBRARY_SEARCH_PATHS_QUOTED_FOR_TARGET_6 = "\"$(SRCROOT)/../../../libs/rtAudio/lib/osx\"";
				PREBINDING = NO;
				PRODUCT_NAME = "$(TARGET_NAME)Debug";
				WRAPPER_EXTENSION = app;
				ZERO_LINK = NO;
			};
			name = Debug;
		};
		E4B69B610A3A1757003C02F2 /* Release */ = {
			isa = XCBuildConfiguration;
			buildSettings = {
				COPY_PHASE_STRIP = YES;
				FRAMEWORK_SEARCH_PATHS = (
					"$(inherited)",
					"$(FRAMEWORK_SEARCH_PATHS_QUOTED_FOR_TARGET_1)",
				);
				FRAMEWORK_SEARCH_PATHS_QUOTED_FOR_TARGET_1 = "\"$(SRCROOT)/../../../libs/glut/lib/osx\"";
				GCC_ENABLE_FIX_AND_CONTINUE = NO;
				GCC_GENERATE_DEBUGGING_SYMBOLS = NO;
				GCC_MODEL_TUNING = G4;
				GCC_PRECOMPILE_PREFIX_HEADER = YES;
				GCC_PREFIX_HEADER = "$(SYSTEM_LIBRARY_DIR)/Frameworks/Carbon.framework/Headers/Carbon.h";
				INFOPLIST_FILE = "openFrameworks-Info.plist";
				INSTALL_PATH = "$(HOME)/Applications";
				LIBRARY_SEARCH_PATHS = (
					"$(inherited)",
					"$(LIBRARY_SEARCH_PATHS_QUOTED_FOR_TARGET_1)",
					"$(LIBRARY_SEARCH_PATHS_QUOTED_FOR_TARGET_2)",
					"$(LIBRARY_SEARCH_PATHS_QUOTED_FOR_TARGET_3)",
					"$(LIBRARY_SEARCH_PATHS_QUOTED_FOR_TARGET_4)",
					"$(LIBRARY_SEARCH_PATHS_QUOTED_FOR_TARGET_5)",
					"$(LIBRARY_SEARCH_PATHS_QUOTED_FOR_TARGET_6)",
					"$(LIBRARY_SEARCH_PATHS_QUOTED_FOR_TARGET_7)",
					"$(LIBRARY_SEARCH_PATHS_QUOTED_FOR_TARGET_8)",
					"$(LIBRARY_SEARCH_PATHS_QUOTED_FOR_TARGET_9)",
					"$(LIBRARY_SEARCH_PATHS_QUOTED_FOR_TARGET_10)",
					"$(LIBRARY_SEARCH_PATHS_QUOTED_FOR_TARGET_11)",
					"$(LIBRARY_SEARCH_PATHS_QUOTED_FOR_TARGET_12)",
					"$(LIBRARY_SEARCH_PATHS_QUOTED_FOR_TARGET_13)",
					"$(LIBRARY_SEARCH_PATHS_QUOTED_FOR_TARGET_14)",
					"$(LIBRARY_SEARCH_PATHS_QUOTED_FOR_TARGET_15)",
					"$(LIBRARY_SEARCH_PATHS_QUOTED_FOR_TARGET_2)",
				);
				LIBRARY_SEARCH_PATHS_QUOTED_FOR_TARGET_1 = "\"$(SRCROOT)/../../../libs/freeimage/lib/osx\"";
				LIBRARY_SEARCH_PATHS_QUOTED_FOR_TARGET_14 = "\"$(SRCROOT)/../../../libs/fmodex/lib/osx\"";
				LIBRARY_SEARCH_PATHS_QUOTED_FOR_TARGET_15 = "\"$(SRCROOT)/../../../libs/freetype/lib/osx\"";
				LIBRARY_SEARCH_PATHS_QUOTED_FOR_TARGET_2 = "\"$(SRCROOT)/../../../libs/FreeImage/lib/osx\"";
				LIBRARY_SEARCH_PATHS_QUOTED_FOR_TARGET_4 = "\"$(SRCROOT)/../../../libs/GLee/lib/osx\"";
				LIBRARY_SEARCH_PATHS_QUOTED_FOR_TARGET_5 = "\"$(SRCROOT)/../../../libs/poco/lib/osx\"";
				LIBRARY_SEARCH_PATHS_QUOTED_FOR_TARGET_6 = "\"$(SRCROOT)/../../../libs/rtAudio/lib/osx\"";
				PREBINDING = NO;
				PRODUCT_NAME = "$(TARGET_NAME)";
				WRAPPER_EXTENSION = app;
				ZERO_LINK = NO;
			};
			name = Release;
		};
/* End XCBuildConfiguration section */

/* Begin XCConfigurationList section */
		E4B69B4D0A3A1720003C02F2 /* Build configuration list for PBXProject "PC Encode" */ = {
			isa = XCConfigurationList;
			buildConfigurations = (
				E4B69B4E0A3A1720003C02F2 /* Debug */,
				E4B69B4F0A3A1720003C02F2 /* Release */,
				E4B27CA010CBF8A600536013 /* ReleaseUniversal */,
			);
			defaultConfigurationIsVisible = 0;
			defaultConfigurationName = Release;
		};
		E4B69B5F0A3A1757003C02F2 /* Build configuration list for PBXNativeTarget "Scanner" */ = {
			isa = XCConfigurationList;
			buildConfigurations = (
				E4B69B600A3A1757003C02F2 /* Debug */,
				E4B69B610A3A1757003C02F2 /* Release */,
				E4B27CA110CBF8A600536013 /* ReleaseUniversal */,
			);
			defaultConfigurationIsVisible = 0;
			defaultConfigurationName = Release;
		};
/* End XCConfigurationList section */
	};
	rootObject = E4B69B4C0A3A1720003C02F2 /* Project object */;
}
